// !$*UTF8*$!
{
	archiveVersion = 1;
	classes = {
	};
	objectVersion = 77;
	objects = {

/* Begin PBXBuildFile section */
		02DC2C672E431E8B00962968 /* FirebaseAI in Frameworks */ = {isa = PBXBuildFile; productRef = 02DC2C662E431E8B00962968 /* FirebaseAI */; };
		02DC2C692E431E8B00962968 /* FirebaseAnalytics in Frameworks */ = {isa = PBXBuildFile; productRef = 02DC2C682E431E8B00962968 /* FirebaseAnalytics */; };
		02DC2C6B2E431E8B00962968 /* FirebaseAnalyticsCore in Frameworks */ = {isa = PBXBuildFile; productRef = 02DC2C6A2E431E8B00962968 /* FirebaseAnalyticsCore */; };
		02DC2C6D2E431E8B00962968 /* FirebaseAnalyticsIdentitySupport in Frameworks */ = {isa = PBXBuildFile; productRef = 02DC2C6C2E431E8B00962968 /* FirebaseAnalyticsIdentitySupport */; };
		02DC2C6F2E431E8B00962968 /* FirebaseAppCheck in Frameworks */ = {isa = PBXBuildFile; productRef = 02DC2C6E2E431E8B00962968 /* FirebaseAppCheck */; };
		02DC2C712E431E8B00962968 /* FirebaseAppDistribution-Beta in Frameworks */ = {isa = PBXBuildFile; productRef = 02DC2C702E431E8B00962968 /* FirebaseAppDistribution-Beta */; };
		02DC2C732E431E8B00962968 /* FirebaseAuth in Frameworks */ = {isa = PBXBuildFile; productRef = 02DC2C722E431E8B00962968 /* FirebaseAuth */; };
		02DC2C752E431E8B00962968 /* FirebaseAuthCombine-Community in Frameworks */ = {isa = PBXBuildFile; productRef = 02DC2C742E431E8B00962968 /* FirebaseAuthCombine-Community */; };
		02DC2C772E431E8B00962968 /* FirebaseCore in Frameworks */ = {isa = PBXBuildFile; productRef = 02DC2C762E431E8B00962968 /* FirebaseCore */; };
		02DC2C792E431E8B00962968 /* FirebaseCrashlytics in Frameworks */ = {isa = PBXBuildFile; productRef = 02DC2C782E431E8B00962968 /* FirebaseCrashlytics */; };
		02DC2C7B2E431E8B00962968 /* FirebaseDatabase in Frameworks */ = {isa = PBXBuildFile; productRef = 02DC2C7A2E431E8B00962968 /* FirebaseDatabase */; };
		02DC2C7D2E431E8B00962968 /* FirebaseFirestore in Frameworks */ = {isa = PBXBuildFile; productRef = 02DC2C7C2E431E8B00962968 /* FirebaseFirestore */; };
		02DC2C7F2E431E8B00962968 /* FirebaseFirestoreCombine-Community in Frameworks */ = {isa = PBXBuildFile; productRef = 02DC2C7E2E431E8B00962968 /* FirebaseFirestoreCombine-Community */; };
		02DC2C812E431E8B00962968 /* FirebaseFunctions in Frameworks */ = {isa = PBXBuildFile; productRef = 02DC2C802E431E8B00962968 /* FirebaseFunctions */; };
		02DC2C832E431E8B00962968 /* FirebaseFunctionsCombine-Community in Frameworks */ = {isa = PBXBuildFile; productRef = 02DC2C822E431E8B00962968 /* FirebaseFunctionsCombine-Community */; };
		02DC2C852E431E8B00962968 /* FirebaseInAppMessaging-Beta in Frameworks */ = {isa = PBXBuildFile; productRef = 02DC2C842E431E8B00962968 /* FirebaseInAppMessaging-Beta */; };
		02DC2C872E431E8B00962968 /* FirebaseInstallations in Frameworks */ = {isa = PBXBuildFile; productRef = 02DC2C862E431E8B00962968 /* FirebaseInstallations */; };
		02DC2C892E431E8B00962968 /* FirebaseMessaging in Frameworks */ = {isa = PBXBuildFile; productRef = 02DC2C882E431E8B00962968 /* FirebaseMessaging */; };
		02DC2C8B2E431E8B00962968 /* FirebaseMLModelDownloader in Frameworks */ = {isa = PBXBuildFile; productRef = 02DC2C8A2E431E8B00962968 /* FirebaseMLModelDownloader */; };
		02DC2C8D2E431E8B00962968 /* FirebasePerformance in Frameworks */ = {isa = PBXBuildFile; productRef = 02DC2C8C2E431E8B00962968 /* FirebasePerformance */; };
		02DC2C8F2E431E8B00962968 /* FirebaseRemoteConfig in Frameworks */ = {isa = PBXBuildFile; productRef = 02DC2C8E2E431E8B00962968 /* FirebaseRemoteConfig */; };
		02DC2C912E431E8B00962968 /* FirebaseStorage in Frameworks */ = {isa = PBXBuildFile; productRef = 02DC2C902E431E8B00962968 /* FirebaseStorage */; };
		02DC2C932E431E8B00962968 /* FirebaseStorageCombine-Community in Frameworks */ = {isa = PBXBuildFile; productRef = 02DC2C922E431E8B00962968 /* FirebaseStorageCombine-Community */; };
/* End PBXBuildFile section */

/* Begin PBXContainerItemProxy section */
		02522FF62E266ECF0076AA46 /* PBXContainerItemProxy */ = {
			isa = PBXContainerItemProxy;
			containerPortal = 02522FD82E266ECC0076AA46 /* Project object */;
			proxyType = 1;
			remoteGlobalIDString = 02522FDF2E266ECC0076AA46;
			remoteInfo = WeePay;
		};
		025230002E266ECF0076AA46 /* PBXContainerItemProxy */ = {
			isa = PBXContainerItemProxy;
			containerPortal = 02522FD82E266ECC0076AA46 /* Project object */;
			proxyType = 1;
			remoteGlobalIDString = 02522FDF2E266ECC0076AA46;
			remoteInfo = WeePay;
		};
/* End PBXContainerItemProxy section */

/* Begin PBXFileReference section */
		02522FE02E266ECC0076AA46 /* WeePay.app */ = {isa = PBXFileReference; explicitFileType = wrapper.application; includeInIndex = 0; path = WeePay.app; sourceTree = BUILT_PRODUCTS_DIR; };
		02522FF52E266ECF0076AA46 /* WeePayTests.xctest */ = {isa = PBXFileReference; explicitFileType = wrapper.cfbundle; includeInIndex = 0; path = WeePayTests.xctest; sourceTree = BUILT_PRODUCTS_DIR; };
		02522FFF2E266ECF0076AA46 /* WeePayUITests.xctest */ = {isa = PBXFileReference; explicitFileType = wrapper.cfbundle; includeInIndex = 0; path = WeePayUITests.xctest; sourceTree = BUILT_PRODUCTS_DIR; };
/* End PBXFileReference section */

/* Begin PBXFileSystemSynchronizedBuildFileExceptionSet section */
		020F9C8F2E6C06F800ED9779 /* Exceptions for "WeePay" folder in "WeePay" target */ = {
			isa = PBXFileSystemSynchronizedBuildFileExceptionSet;
			membershipExceptions = (
				Info.plist,
			);
			target = 02522FDF2E266ECC0076AA46 /* WeePay */;
		};
		020F9C902E6C06F800ED9779 /* Exceptions for "WeePay" folder in "WeePayTests" target */ = {
			isa = PBXFileSystemSynchronizedBuildFileExceptionSet;
			membershipExceptions = (
				AppDelegate.swift,
				"GoogleService-Info.plist",
				Models/BankCard.swift,
				Models/ExpenseCategoryModel.swift,
				"Preview Content/PreviewContainer.swift",
				ViewModels/ExpenseTrackingViewModel.swift,
				Views/Expenses/AddExpenseView.swift,
				Views/Expenses/CategoryPickerView.swift,
				Views/Expenses/ExpenseDashboardView.swift,
				Views/Expenses/PaymentMethodPickerView.swift,
			);
			target = 02522FF42E266ECF0076AA46 /* WeePayTests */;
		};
		020F9C912E6C06F800ED9779 /* Exceptions for "WeePay" folder in "WeePayUITests" target */ = {
			isa = PBXFileSystemSynchronizedBuildFileExceptionSet;
			membershipExceptions = (
				AppDelegate.swift,
				"GoogleService-Info.plist",
				Models/BankCard.swift,
				Models/ExpenseCategoryModel.swift,
				"Preview Content/PreviewContainer.swift",
				ViewModels/ExpenseTrackingViewModel.swift,
				Views/Expenses/AddExpenseView.swift,
				Views/Expenses/CategoryPickerView.swift,
				Views/Expenses/ExpenseDashboardView.swift,
				Views/Expenses/PaymentMethodPickerView.swift,
			);
			target = 02522FFE2E266ECF0076AA46 /* WeePayUITests */;
		};
/* End PBXFileSystemSynchronizedBuildFileExceptionSet section */

/* Begin PBXFileSystemSynchronizedRootGroup section */
		020F9C542E6C06F800ED9779 /* WeePay */ = {
			isa = PBXFileSystemSynchronizedRootGroup;
			exceptions = (
				020F9C8F2E6C06F800ED9779 /* Exceptions for "WeePay" folder in "WeePay" target */,
				020F9C902E6C06F800ED9779 /* Exceptions for "WeePay" folder in "WeePayTests" target */,
				020F9C912E6C06F800ED9779 /* Exceptions for "WeePay" folder in "WeePayUITests" target */,
			);
			path = WeePay;
			sourceTree = "<group>";
		};
		0231AE1A2E6C02300005339D /* WeePayUITests */ = {
			isa = PBXFileSystemSynchronizedRootGroup;
			path = WeePayUITests;
			sourceTree = "<group>";
		};
		0231AE1E2E6C02330005339D /* WeePayTests */ = {
			isa = PBXFileSystemSynchronizedRootGroup;
			path = WeePayTests;
			sourceTree = "<group>";
		};
/* End PBXFileSystemSynchronizedRootGroup section */

/* Begin PBXFrameworksBuildPhase section */
		02522FDD2E266ECC0076AA46 /* Frameworks */ = {
			isa = PBXFrameworksBuildPhase;
			buildActionMask = 2147483647;
			files = (
				02DC2C892E431E8B00962968 /* FirebaseMessaging in Frameworks */,
				02DC2C7F2E431E8B00962968 /* FirebaseFirestoreCombine-Community in Frameworks */,
				02DC2C672E431E8B00962968 /* FirebaseAI in Frameworks */,
				02DC2C772E431E8B00962968 /* FirebaseCore in Frameworks */,
				02DC2C692E431E8B00962968 /* FirebaseAnalytics in Frameworks */,
				02DC2C872E431E8B00962968 /* FirebaseInstallations in Frameworks */,
				02DC2C8B2E431E8B00962968 /* FirebaseMLModelDownloader in Frameworks */,
				02DC2C8F2E431E8B00962968 /* FirebaseRemoteConfig in Frameworks */,
				02DC2C7D2E431E8B00962968 /* FirebaseFirestore in Frameworks */,
				02DC2C8D2E431E8B00962968 /* FirebasePerformance in Frameworks */,
				02DC2C812E431E8B00962968 /* FirebaseFunctions in Frameworks */,
				02DC2C6B2E431E8B00962968 /* FirebaseAnalyticsCore in Frameworks */,
				02DC2C752E431E8B00962968 /* FirebaseAuthCombine-Community in Frameworks */,
				02DC2C7B2E431E8B00962968 /* FirebaseDatabase in Frameworks */,
				02DC2C6D2E431E8B00962968 /* FirebaseAnalyticsIdentitySupport in Frameworks */,
				02DC2C832E431E8B00962968 /* FirebaseFunctionsCombine-Community in Frameworks */,
				02DC2C852E431E8B00962968 /* FirebaseInAppMessaging-Beta in Frameworks */,
				02DC2C732E431E8B00962968 /* FirebaseAuth in Frameworks */,
				02DC2C792E431E8B00962968 /* FirebaseCrashlytics in Frameworks */,
				02DC2C912E431E8B00962968 /* FirebaseStorage in Frameworks */,
				02DC2C6F2E431E8B00962968 /* FirebaseAppCheck in Frameworks */,
				02DC2C932E431E8B00962968 /* FirebaseStorageCombine-Community in Frameworks */,
				02DC2C712E431E8B00962968 /* FirebaseAppDistribution-Beta in Frameworks */,
			);
			runOnlyForDeploymentPostprocessing = 0;
		};
		02522FF22E266ECF0076AA46 /* Frameworks */ = {
			isa = PBXFrameworksBuildPhase;
			buildActionMask = 2147483647;
			files = (
			);
			runOnlyForDeploymentPostprocessing = 0;
		};
		02522FFC2E266ECF0076AA46 /* Frameworks */ = {
			isa = PBXFrameworksBuildPhase;
			buildActionMask = 2147483647;
			files = (
			);
			runOnlyForDeploymentPostprocessing = 0;
		};
/* End PBXFrameworksBuildPhase section */

/* Begin PBXGroup section */
		02522FD72E266ECC0076AA46 = {
			isa = PBXGroup;
			children = (
				020F9C542E6C06F800ED9779 /* WeePay */,
				0231AE1E2E6C02330005339D /* WeePayTests */,
				0231AE1A2E6C02300005339D /* WeePayUITests */,
				02522FE12E266ECC0076AA46 /* Products */,
			);
			sourceTree = "<group>";
		};
		02522FE12E266ECC0076AA46 /* Products */ = {
			isa = PBXGroup;
			children = (
				02522FE02E266ECC0076AA46 /* WeePay.app */,
				02522FF52E266ECF0076AA46 /* WeePayTests.xctest */,
				02522FFF2E266ECF0076AA46 /* WeePayUITests.xctest */,
			);
			name = Products;
			sourceTree = "<group>";
		};
/* End PBXGroup section */

/* Begin PBXNativeTarget section */
		02522FDF2E266ECC0076AA46 /* WeePay */ = {
			isa = PBXNativeTarget;
			buildConfigurationList = 025230092E266ECF0076AA46 /* Build configuration list for PBXNativeTarget "WeePay" */;
			buildPhases = (
				02522FDC2E266ECC0076AA46 /* Sources */,
				02522FDD2E266ECC0076AA46 /* Frameworks */,
				02522FDE2E266ECC0076AA46 /* Resources */,
			);
			buildRules = (
			);
			dependencies = (
			);
			fileSystemSynchronizedGroups = (
				020F9C542E6C06F800ED9779 /* WeePay */,
			);
			name = WeePay;
			packageProductDependencies = (
				02DC2C662E431E8B00962968 /* FirebaseAI */,
				02DC2C682E431E8B00962968 /* FirebaseAnalytics */,
				02DC2C6A2E431E8B00962968 /* FirebaseAnalyticsCore */,
				02DC2C6C2E431E8B00962968 /* FirebaseAnalyticsIdentitySupport */,
				02DC2C6E2E431E8B00962968 /* FirebaseAppCheck */,
				02DC2C702E431E8B00962968 /* FirebaseAppDistribution-Beta */,
				02DC2C722E431E8B00962968 /* FirebaseAuth */,
				02DC2C742E431E8B00962968 /* FirebaseAuthCombine-Community */,
				02DC2C762E431E8B00962968 /* FirebaseCore */,
				02DC2C782E431E8B00962968 /* FirebaseCrashlytics */,
				02DC2C7A2E431E8B00962968 /* FirebaseDatabase */,
				02DC2C7C2E431E8B00962968 /* FirebaseFirestore */,
				02DC2C7E2E431E8B00962968 /* FirebaseFirestoreCombine-Community */,
				02DC2C802E431E8B00962968 /* FirebaseFunctions */,
				02DC2C822E431E8B00962968 /* FirebaseFunctionsCombine-Community */,
				02DC2C842E431E8B00962968 /* FirebaseInAppMessaging-Beta */,
				02DC2C862E431E8B00962968 /* FirebaseInstallations */,
				02DC2C882E431E8B00962968 /* FirebaseMessaging */,
				02DC2C8A2E431E8B00962968 /* FirebaseMLModelDownloader */,
				02DC2C8C2E431E8B00962968 /* FirebasePerformance */,
				02DC2C8E2E431E8B00962968 /* FirebaseRemoteConfig */,
				02DC2C902E431E8B00962968 /* FirebaseStorage */,
				02DC2C922E431E8B00962968 /* FirebaseStorageCombine-Community */,
			);
			productName = WeePay;
			productReference = 02522FE02E266ECC0076AA46 /* WeePay.app */;
			productType = "com.apple.product-type.application";
		};
		02522FF42E266ECF0076AA46 /* WeePayTests */ = {
			isa = PBXNativeTarget;
			buildConfigurationList = 0252300C2E266ECF0076AA46 /* Build configuration list for PBXNativeTarget "WeePayTests" */;
			buildPhases = (
				02522FF12E266ECF0076AA46 /* Sources */,
				02522FF22E266ECF0076AA46 /* Frameworks */,
				02522FF32E266ECF0076AA46 /* Resources */,
			);
			buildRules = (
			);
			dependencies = (
				02522FF72E266ECF0076AA46 /* PBXTargetDependency */,
			);
			fileSystemSynchronizedGroups = (
				0231AE1E2E6C02330005339D /* WeePayTests */,
			);
			name = WeePayTests;
			packageProductDependencies = (
			);
			productName = WeePayTests;
			productReference = 02522FF52E266ECF0076AA46 /* WeePayTests.xctest */;
			productType = "com.apple.product-type.bundle.unit-test";
		};
		02522FFE2E266ECF0076AA46 /* WeePayUITests */ = {
			isa = PBXNativeTarget;
			buildConfigurationList = 0252300F2E266ECF0076AA46 /* Build configuration list for PBXNativeTarget "WeePayUITests" */;
			buildPhases = (
				02522FFB2E266ECF0076AA46 /* Sources */,
				02522FFC2E266ECF0076AA46 /* Frameworks */,
				02522FFD2E266ECF0076AA46 /* Resources */,
			);
			buildRules = (
			);
			dependencies = (
				025230012E266ECF0076AA46 /* PBXTargetDependency */,
			);
			fileSystemSynchronizedGroups = (
				0231AE1A2E6C02300005339D /* WeePayUITests */,
			);
			name = WeePayUITests;
			packageProductDependencies = (
			);
			productName = WeePayUITests;
			productReference = 02522FFF2E266ECF0076AA46 /* WeePayUITests.xctest */;
			productType = "com.apple.product-type.bundle.ui-testing";
		};
/* End PBXNativeTarget section */

/* Begin PBXProject section */
		02522FD82E266ECC0076AA46 /* Project object */ = {
			isa = PBXProject;
			attributes = {
				BuildIndependentTargetsInParallel = 1;
				LastSwiftUpdateCheck = 1620;
				LastUpgradeCheck = 1620;
				TargetAttributes = {
					02522FDF2E266ECC0076AA46 = {
						CreatedOnToolsVersion = 16.2;
					};
					02522FF42E266ECF0076AA46 = {
						CreatedOnToolsVersion = 16.2;
						TestTargetID = 02522FDF2E266ECC0076AA46;
					};
					02522FFE2E266ECF0076AA46 = {
						CreatedOnToolsVersion = 16.2;
						TestTargetID = 02522FDF2E266ECC0076AA46;
					};
				};
			};
			buildConfigurationList = 02522FDB2E266ECC0076AA46 /* Build configuration list for PBXProject "WeePay" */;
			developmentRegion = en;
			hasScannedForEncodings = 0;
			knownRegions = (
				en,
				Base,
			);
			mainGroup = 02522FD72E266ECC0076AA46;
			minimizedProjectReferenceProxies = 1;
			packageReferences = (
				02DC2C642E431E5900962968 /* XCRemoteSwiftPackageReference "firebase-ios-sdk" */,
			);
			preferredProjectObjectVersion = 77;
			productRefGroup = 02522FE12E266ECC0076AA46 /* Products */;
			projectDirPath = "";
			projectRoot = "";
			targets = (
				02522FDF2E266ECC0076AA46 /* WeePay */,
				02522FF42E266ECF0076AA46 /* WeePayTests */,
				02522FFE2E266ECF0076AA46 /* WeePayUITests */,
			);
		};
/* End PBXProject section */

/* Begin PBXResourcesBuildPhase section */
		02522FDE2E266ECC0076AA46 /* Resources */ = {
			isa = PBXResourcesBuildPhase;
			buildActionMask = 2147483647;
			files = (
			);
			runOnlyForDeploymentPostprocessing = 0;
		};
		02522FF32E266ECF0076AA46 /* Resources */ = {
			isa = PBXResourcesBuildPhase;
			buildActionMask = 2147483647;
			files = (
			);
			runOnlyForDeploymentPostprocessing = 0;
		};
		02522FFD2E266ECF0076AA46 /* Resources */ = {
			isa = PBXResourcesBuildPhase;
			buildActionMask = 2147483647;
			files = (
			);
			runOnlyForDeploymentPostprocessing = 0;
		};
/* End PBXResourcesBuildPhase section */

/* Begin PBXSourcesBuildPhase section */
		02522FDC2E266ECC0076AA46 /* Sources */ = {
			isa = PBXSourcesBuildPhase;
			buildActionMask = 2147483647;
			files = (
			);
			runOnlyForDeploymentPostprocessing = 0;
		};
		02522FF12E266ECF0076AA46 /* Sources */ = {
			isa = PBXSourcesBuildPhase;
			buildActionMask = 2147483647;
			files = (
			);
			runOnlyForDeploymentPostprocessing = 0;
		};
		02522FFB2E266ECF0076AA46 /* Sources */ = {
			isa = PBXSourcesBuildPhase;
			buildActionMask = 2147483647;
			files = (
			);
			runOnlyForDeploymentPostprocessing = 0;
		};
/* End PBXSourcesBuildPhase section */

/* Begin PBXTargetDependency section */
		02522FF72E266ECF0076AA46 /* PBXTargetDependency */ = {
			isa = PBXTargetDependency;
			target = 02522FDF2E266ECC0076AA46 /* WeePay */;
			targetProxy = 02522FF62E266ECF0076AA46 /* PBXContainerItemProxy */;
		};
		025230012E266ECF0076AA46 /* PBXTargetDependency */ = {
			isa = PBXTargetDependency;
			target = 02522FDF2E266ECC0076AA46 /* WeePay */;
			targetProxy = 025230002E266ECF0076AA46 /* PBXContainerItemProxy */;
		};
/* End PBXTargetDependency section */

/* Begin XCBuildConfiguration section */
		025230072E266ECF0076AA46 /* Debug */ = {
			isa = XCBuildConfiguration;
			buildSettings = {
				ALWAYS_SEARCH_USER_PATHS = NO;
				ASSETCATALOG_COMPILER_GENERATE_SWIFT_ASSET_SYMBOL_EXTENSIONS = YES;
				CLANG_ANALYZER_NONNULL = YES;
				CLANG_ANALYZER_NUMBER_OBJECT_CONVERSION = YES_AGGRESSIVE;
				CLANG_CXX_LANGUAGE_STANDARD = "gnu++20";
				CLANG_ENABLE_MODULES = YES;
				CLANG_ENABLE_OBJC_ARC = YES;
				CLANG_ENABLE_OBJC_WEAK = YES;
				CLANG_WARN_BLOCK_CAPTURE_AUTORELEASING = YES;
				CLANG_WARN_BOOL_CONVERSION = YES;
				CLANG_WARN_COMMA = YES;
				CLANG_WARN_CONSTANT_CONVERSION = YES;
				CLANG_WARN_DEPRECATED_OBJC_IMPLEMENTATIONS = YES;
				CLANG_WARN_DIRECT_OBJC_ISA_USAGE = YES_ERROR;
				CLANG_WARN_DOCUMENTATION_COMMENTS = YES;
				CLANG_WARN_EMPTY_BODY = YES;
				CLANG_WARN_ENUM_CONVERSION = YES;
				CLANG_WARN_INFINITE_RECURSION = YES;
				CLANG_WARN_INT_CONVERSION = YES;
				CLANG_WARN_NON_LITERAL_NULL_CONVERSION = YES;
				CLANG_WARN_OBJC_IMPLICIT_RETAIN_SELF = YES;
				CLANG_WARN_OBJC_LITERAL_CONVERSION = YES;
				CLANG_WARN_OBJC_ROOT_CLASS = YES_ERROR;
				CLANG_WARN_QUOTED_INCLUDE_IN_FRAMEWORK_HEADER = YES;
				CLANG_WARN_RANGE_LOOP_ANALYSIS = YES;
				CLANG_WARN_STRICT_PROTOTYPES = YES;
				CLANG_WARN_SUSPICIOUS_MOVE = YES;
				CLANG_WARN_UNGUARDED_AVAILABILITY = YES_AGGRESSIVE;
				CLANG_WARN_UNREACHABLE_CODE = YES;
				CLANG_WARN__DUPLICATE_METHOD_MATCH = YES;
				COPY_PHASE_STRIP = NO;
				DEBUG_INFORMATION_FORMAT = dwarf;
				ENABLE_STRICT_OBJC_MSGSEND = YES;
				ENABLE_TESTABILITY = YES;
				ENABLE_USER_SCRIPT_SANDBOXING = YES;
				GCC_C_LANGUAGE_STANDARD = gnu17;
				GCC_DYNAMIC_NO_PIC = NO;
				GCC_NO_COMMON_BLOCKS = YES;
				GCC_OPTIMIZATION_LEVEL = 0;
				GCC_PREPROCESSOR_DEFINITIONS = (
					"DEBUG=1",
					"$(inherited)",
				);
				GCC_WARN_64_TO_32_BIT_CONVERSION = YES;
				GCC_WARN_ABOUT_RETURN_TYPE = YES_ERROR;
				GCC_WARN_UNDECLARED_SELECTOR = YES;
				GCC_WARN_UNINITIALIZED_AUTOS = YES_AGGRESSIVE;
				GCC_WARN_UNUSED_FUNCTION = YES;
				GCC_WARN_UNUSED_VARIABLE = YES;
				IPHONEOS_DEPLOYMENT_TARGET = 18.2;
				LOCALIZATION_PREFERS_STRING_CATALOGS = YES;
				MTL_ENABLE_DEBUG_INFO = INCLUDE_SOURCE;
				MTL_FAST_MATH = YES;
				ONLY_ACTIVE_ARCH = YES;
				SDKROOT = iphoneos;
				SWIFT_ACTIVE_COMPILATION_CONDITIONS = "DEBUG $(inherited)";
				SWIFT_OPTIMIZATION_LEVEL = "-Onone";
			};
			name = Debug;
		};
		025230082E266ECF0076AA46 /* Release */ = {
			isa = XCBuildConfiguration;
			buildSettings = {
				ALWAYS_SEARCH_USER_PATHS = NO;
				ASSETCATALOG_COMPILER_GENERATE_SWIFT_ASSET_SYMBOL_EXTENSIONS = YES;
				CLANG_ANALYZER_NONNULL = YES;
				CLANG_ANALYZER_NUMBER_OBJECT_CONVERSION = YES_AGGRESSIVE;
				CLANG_CXX_LANGUAGE_STANDARD = "gnu++20";
				CLANG_ENABLE_MODULES = YES;
				CLANG_ENABLE_OBJC_ARC = YES;
				CLANG_ENABLE_OBJC_WEAK = YES;
				CLANG_WARN_BLOCK_CAPTURE_AUTORELEASING = YES;
				CLANG_WARN_BOOL_CONVERSION = YES;
				CLANG_WARN_COMMA = YES;
				CLANG_WARN_CONSTANT_CONVERSION = YES;
				CLANG_WARN_DEPRECATED_OBJC_IMPLEMENTATIONS = YES;
				CLANG_WARN_DIRECT_OBJC_ISA_USAGE = YES_ERROR;
				CLANG_WARN_DOCUMENTATION_COMMENTS = YES;
				CLANG_WARN_EMPTY_BODY = YES;
				CLANG_WARN_ENUM_CONVERSION = YES;
				CLANG_WARN_INFINITE_RECURSION = YES;
				CLANG_WARN_INT_CONVERSION = YES;
				CLANG_WARN_NON_LITERAL_NULL_CONVERSION = YES;
				CLANG_WARN_OBJC_IMPLICIT_RETAIN_SELF = YES;
				CLANG_WARN_OBJC_LITERAL_CONVERSION = YES;
				CLANG_WARN_OBJC_ROOT_CLASS = YES_ERROR;
				CLANG_WARN_QUOTED_INCLUDE_IN_FRAMEWORK_HEADER = YES;
				CLANG_WARN_RANGE_LOOP_ANALYSIS = YES;
				CLANG_WARN_STRICT_PROTOTYPES = YES;
				CLANG_WARN_SUSPICIOUS_MOVE = YES;
				CLANG_WARN_UNGUARDED_AVAILABILITY = YES_AGGRESSIVE;
				CLANG_WARN_UNREACHABLE_CODE = YES;
				CLANG_WARN__DUPLICATE_METHOD_MATCH = YES;
				COPY_PHASE_STRIP = NO;
				DEBUG_INFORMATION_FORMAT = "dwarf-with-dsym";
				ENABLE_NS_ASSERTIONS = NO;
				ENABLE_STRICT_OBJC_MSGSEND = YES;
				ENABLE_USER_SCRIPT_SANDBOXING = YES;
				GCC_C_LANGUAGE_STANDARD = gnu17;
				GCC_NO_COMMON_BLOCKS = YES;
				GCC_WARN_64_TO_32_BIT_CONVERSION = YES;
				GCC_WARN_ABOUT_RETURN_TYPE = YES_ERROR;
				GCC_WARN_UNDECLARED_SELECTOR = YES;
				GCC_WARN_UNINITIALIZED_AUTOS = YES_AGGRESSIVE;
				GCC_WARN_UNUSED_FUNCTION = YES;
				GCC_WARN_UNUSED_VARIABLE = YES;
				IPHONEOS_DEPLOYMENT_TARGET = 18.2;
				LOCALIZATION_PREFERS_STRING_CATALOGS = YES;
				MTL_ENABLE_DEBUG_INFO = NO;
				MTL_FAST_MATH = YES;
				SDKROOT = iphoneos;
				SWIFT_COMPILATION_MODE = wholemodule;
				VALIDATE_PRODUCT = YES;
			};
			name = Release;
		};
		0252300A2E266ECF0076AA46 /* Debug */ = {
			isa = XCBuildConfiguration;
			buildSettings = {
				ASSETCATALOG_COMPILER_APPICON_NAME = AppIcon;
				ASSETCATALOG_COMPILER_GLOBAL_ACCENT_COLOR_NAME = AccentColor;
				CODE_SIGN_ENTITLEMENTS = WeePay/WeePay.entitlements;
				CODE_SIGN_STYLE = Automatic;
				CURRENT_PROJECT_VERSION = 1;
				DEVELOPMENT_ASSET_PATHS = "\"WeePay/Preview Content\"";
				DEVELOPMENT_TEAM = "";
				ENABLE_PREVIEWS = YES;
				GENERATE_INFOPLIST_FILE = YES;
				INFOPLIST_FILE = WeePay/Info.plist;
				INFOPLIST_KEY_CFBundleDisplayName = WeePay;
				INFOPLIST_KEY_UIApplicationSceneManifest_Generation = YES;
				INFOPLIST_KEY_UIApplicationSupportsIndirectInputEvents = YES;
				INFOPLIST_KEY_UIRequiredDeviceCapabilities = armv7;
				INFOPLIST_KEY_UISupportedInterfaceOrientations = "UIInterfaceOrientationPortrait UIInterfaceOrientationLandscapeLeft UIInterfaceOrientationLandscapeRight";
				INFOPLIST_KEY_UISupportedInterfaceOrientations_iPad = "UIInterfaceOrientationPortrait UIInterfaceOrientationPortraitUpsideDown UIInterfaceOrientationLandscapeLeft UIInterfaceOrientationLandscapeRight";
				INFOPLIST_KEY_UISupportedInterfaceOrientations_iPhone = "UIInterfaceOrientationPortrait UIInterfaceOrientationLandscapeLeft UIInterfaceOrientationLandscapeRight";
				LD_RUNPATH_SEARCH_PATHS = (
					"$(inherited)",
					"@executable_path/Frameworks",
				);
				MARKETING_VERSION = 1.0;
				PRODUCT_BUNDLE_IDENTIFIER = Anshuman.WeePay;
				PRODUCT_NAME = "$(TARGET_NAME)";
				SWIFT_EMIT_LOC_STRINGS = YES;
				SWIFT_VERSION = 5.0;
				TARGETED_DEVICE_FAMILY = "1,2";
			};
			name = Debug;
		};
		0252300B2E266ECF0076AA46 /* Release */ = {
			isa = XCBuildConfiguration;
			buildSettings = {
				ASSETCATALOG_COMPILER_APPICON_NAME = AppIcon;
				ASSETCATALOG_COMPILER_GLOBAL_ACCENT_COLOR_NAME = AccentColor;
				CODE_SIGN_ENTITLEMENTS = WeePay/WeePay.entitlements;
				CODE_SIGN_STYLE = Automatic;
				CURRENT_PROJECT_VERSION = 1;
				DEVELOPMENT_ASSET_PATHS = "\"WeePay/Preview Content\"";
				DEVELOPMENT_TEAM = "";
				ENABLE_PREVIEWS = YES;
				GENERATE_INFOPLIST_FILE = YES;
				INFOPLIST_FILE = WeePay/Info.plist;
				INFOPLIST_KEY_CFBundleDisplayName = WeePay;
				INFOPLIST_KEY_UIApplicationSceneManifest_Generation = YES;
				INFOPLIST_KEY_UIApplicationSupportsIndirectInputEvents = YES;
				INFOPLIST_KEY_UIRequiredDeviceCapabilities = armv7;
				INFOPLIST_KEY_UISupportedInterfaceOrientations = "UIInterfaceOrientationPortrait UIInterfaceOrientationLandscapeLeft UIInterfaceOrientationLandscapeRight";
				INFOPLIST_KEY_UISupportedInterfaceOrientations_iPad = "UIInterfaceOrientationPortrait UIInterfaceOrientationPortraitUpsideDown UIInterfaceOrientationLandscapeLeft UIInterfaceOrientationLandscapeRight";
				INFOPLIST_KEY_UISupportedInterfaceOrientations_iPhone = "UIInterfaceOrientationPortrait UIInterfaceOrientationLandscapeLeft UIInterfaceOrientationLandscapeRight";
				LD_RUNPATH_SEARCH_PATHS = (
					"$(inherited)",
					"@executable_path/Frameworks",
				);
				MARKETING_VERSION = 1.0;
				PRODUCT_BUNDLE_IDENTIFIER = Anshuman.WeePay;
				PRODUCT_NAME = "$(TARGET_NAME)";
				SWIFT_EMIT_LOC_STRINGS = YES;
				SWIFT_VERSION = 5.0;
				TARGETED_DEVICE_FAMILY = "1,2";
			};
			name = Release;
		};
		0252300D2E266ECF0076AA46 /* Debug */ = {
			isa = XCBuildConfiguration;
			buildSettings = {
				BUNDLE_LOADER = "$(TEST_HOST)";
				CODE_SIGN_STYLE = Automatic;
				CURRENT_PROJECT_VERSION = 1;
				GENERATE_INFOPLIST_FILE = YES;
				IPHONEOS_DEPLOYMENT_TARGET = 18.2;
				MARKETING_VERSION = 1.0;
				PRODUCT_BUNDLE_IDENTIFIER = Anshuman.WeePayTests;
				PRODUCT_NAME = "$(TARGET_NAME)";
				SWIFT_EMIT_LOC_STRINGS = NO;
				SWIFT_VERSION = 5.0;
				TARGETED_DEVICE_FAMILY = "1,2";
				TEST_HOST = "$(BUILT_PRODUCTS_DIR)/WeePay.app/$(BUNDLE_EXECUTABLE_FOLDER_PATH)/WeePay";
			};
			name = Debug;
		};
		0252300E2E266ECF0076AA46 /* Release */ = {
			isa = XCBuildConfiguration;
			buildSettings = {
				BUNDLE_LOADER = "$(TEST_HOST)";
				CODE_SIGN_STYLE = Automatic;
				CURRENT_PROJECT_VERSION = 1;
				GENERATE_INFOPLIST_FILE = YES;
				IPHONEOS_DEPLOYMENT_TARGET = 18.2;
				MARKETING_VERSION = 1.0;
				PRODUCT_BUNDLE_IDENTIFIER = Anshuman.WeePayTests;
				PRODUCT_NAME = "$(TARGET_NAME)";
				SWIFT_EMIT_LOC_STRINGS = NO;
				SWIFT_VERSION = 5.0;
				TARGETED_DEVICE_FAMILY = "1,2";
				TEST_HOST = "$(BUILT_PRODUCTS_DIR)/WeePay.app/$(BUNDLE_EXECUTABLE_FOLDER_PATH)/WeePay";
			};
			name = Release;
		};
		025230102E266ECF0076AA46 /* Debug */ = {
			isa = XCBuildConfiguration;
			buildSettings = {
				CODE_SIGN_STYLE = Automatic;
				CURRENT_PROJECT_VERSION = 1;
				GENERATE_INFOPLIST_FILE = YES;
				MARKETING_VERSION = 1.0;
				PRODUCT_BUNDLE_IDENTIFIER = Anshuman.WeePayUITests;
				PRODUCT_NAME = "$(TARGET_NAME)";
				SWIFT_EMIT_LOC_STRINGS = NO;
				SWIFT_VERSION = 5.0;
				TARGETED_DEVICE_FAMILY = "1,2";
				TEST_TARGET_NAME = WeePay;
			};
			name = Debug;
		};
		025230112E266ECF0076AA46 /* Release */ = {
			isa = XCBuildConfiguration;
			buildSettings = {
				CODE_SIGN_STYLE = Automatic;
				CURRENT_PROJECT_VERSION = 1;
				GENERATE_INFOPLIST_FILE = YES;
				MARKETING_VERSION = 1.0;
				PRODUCT_BUNDLE_IDENTIFIER = Anshuman.WeePayUITests;
				PRODUCT_NAME = "$(TARGET_NAME)";
				SWIFT_EMIT_LOC_STRINGS = NO;
				SWIFT_VERSION = 5.0;
				TARGETED_DEVICE_FAMILY = "1,2";
				TEST_TARGET_NAME = WeePay;
			};
			name = Release;
		};
/* End XCBuildConfiguration section */

/* Begin XCConfigurationList section */
		02522FDB2E266ECC0076AA46 /* Build configuration list for PBXProject "WeePay" */ = {
			isa = XCConfigurationList;
			buildConfigurations = (
				025230072E266ECF0076AA46 /* Debug */,
				025230082E266ECF0076AA46 /* Release */,
			);
			defaultConfigurationIsVisible = 0;
			defaultConfigurationName = Release;
		};
		025230092E266ECF0076AA46 /* Build configuration list for PBXNativeTarget "WeePay" */ = {
			isa = XCConfigurationList;
			buildConfigurations = (
				0252300A2E266ECF0076AA46 /* Debug */,
				0252300B2E266ECF0076AA46 /* Release */,
			);
			defaultConfigurationIsVisible = 0;
			defaultConfigurationName = Release;
		};
		0252300C2E266ECF0076AA46 /* Build configuration list for PBXNativeTarget "WeePayTests" */ = {
			isa = XCConfigurationList;
			buildConfigurations = (
				0252300D2E266ECF0076AA46 /* Debug */,
				0252300E2E266ECF0076AA46 /* Release */,
			);
			defaultConfigurationIsVisible = 0;
			defaultConfigurationName = Release;
		};
		0252300F2E266ECF0076AA46 /* Build configuration list for PBXNativeTarget "WeePayUITests" */ = {
			isa = XCConfigurationList;
			buildConfigurations = (
				025230102E266ECF0076AA46 /* Debug */,
				025230112E266ECF0076AA46 /* Release */,
			);
			defaultConfigurationIsVisible = 0;
			defaultConfigurationName = Release;
		};
/* End XCConfigurationList section */

/* Begin XCRemoteSwiftPackageReference section */
		02DC2C642E431E5900962968 /* XCRemoteSwiftPackageReference "firebase-ios-sdk" */ = {
			isa = XCRemoteSwiftPackageReference;
			repositoryURL = "https://github.com/firebase/firebase-ios-sdk";
			requirement = {
				kind = upToNextMajorVersion;
				minimumVersion = 12.1.0;
			};
		};
/* End XCRemoteSwiftPackageReference section */

/* Begin XCSwiftPackageProductDependency section */
		02DC2C662E431E8B00962968 /* FirebaseAI */ = {
			isa = XCSwiftPackageProductDependency;
			package = 02DC2C642E431E5900962968 /* XCRemoteSwiftPackageReference "firebase-ios-sdk" */;
			productName = FirebaseAI;
		};
		02DC2C682E431E8B00962968 /* FirebaseAnalytics */ = {
			isa = XCSwiftPackageProductDependency;
			package = 02DC2C642E431E5900962968 /* XCRemoteSwiftPackageReference "firebase-ios-sdk" */;
			productName = FirebaseAnalytics;
		};
		02DC2C6A2E431E8B00962968 /* FirebaseAnalyticsCore */ = {
			isa = XCSwiftPackageProductDependency;
			package = 02DC2C642E431E5900962968 /* XCRemoteSwiftPackageReference "firebase-ios-sdk" */;
			productName = FirebaseAnalyticsCore;
		};
		02DC2C6C2E431E8B00962968 /* FirebaseAnalyticsIdentitySupport */ = {
			isa = XCSwiftPackageProductDependency;
			package = 02DC2C642E431E5900962968 /* XCRemoteSwiftPackageReference "firebase-ios-sdk" */;
			productName = FirebaseAnalyticsIdentitySupport;
		};
		02DC2C6E2E431E8B00962968 /* FirebaseAppCheck */ = {
			isa = XCSwiftPackageProductDependency;
			package = 02DC2C642E431E5900962968 /* XCRemoteSwiftPackageReference "firebase-ios-sdk" */;
			productName = FirebaseAppCheck;
		};
		02DC2C702E431E8B00962968 /* FirebaseAppDistribution-Beta */ = {
			isa = XCSwiftPackageProductDependency;
			package = 02DC2C642E431E5900962968 /* XCRemoteSwiftPackageReference "firebase-ios-sdk" */;
			productName = "FirebaseAppDistribution-Beta";
		};
		02DC2C722E431E8B00962968 /* FirebaseAuth */ = {
			isa = XCSwiftPackageProductDependency;
			package = 02DC2C642E431E5900962968 /* XCRemoteSwiftPackageReference "firebase-ios-sdk" */;
			productName = FirebaseAuth;
		};
		02DC2C742E431E8B00962968 /* FirebaseAuthCombine-Community */ = {
			isa = XCSwiftPackageProductDependency;
			package = 02DC2C642E431E5900962968 /* XCRemoteSwiftPackageReference "firebase-ios-sdk" */;
			productName = "FirebaseAuthCombine-Community";
		};
		02DC2C762E431E8B00962968 /* FirebaseCore */ = {
			isa = XCSwiftPackageProductDependency;
			package = 02DC2C642E431E5900962968 /* XCRemoteSwiftPackageReference "firebase-ios-sdk" */;
			productName = FirebaseCore;
		};
		02DC2C782E431E8B00962968 /* FirebaseCrashlytics */ = {
			isa = XCSwiftPackageProductDependency;
			package = 02DC2C642E431E5900962968 /* XCRemoteSwiftPackageReference "firebase-ios-sdk" */;
			productName = FirebaseCrashlytics;
		};
		02DC2C7A2E431E8B00962968 /* FirebaseDatabase */ = {
			isa = XCSwiftPackageProductDependency;
			package = 02DC2C642E431E5900962968 /* XCRemoteSwiftPackageReference "firebase-ios-sdk" */;
			productName = FirebaseDatabase;
		};
		02DC2C7C2E431E8B00962968 /* FirebaseFirestore */ = {
			isa = XCSwiftPackageProductDependency;
			package = 02DC2C642E431E5900962968 /* XCRemoteSwiftPackageReference "firebase-ios-sdk" */;
			productName = FirebaseFirestore;
		};
		02DC2C7E2E431E8B00962968 /* FirebaseFirestoreCombine-Community */ = {
			isa = XCSwiftPackageProductDependency;
			package = 02DC2C642E431E5900962968 /* XCRemoteSwiftPackageReference "firebase-ios-sdk" */;
			productName = "FirebaseFirestoreCombine-Community";
		};
		02DC2C802E431E8B00962968 /* FirebaseFunctions */ = {
			isa = XCSwiftPackageProductDependency;
			package = 02DC2C642E431E5900962968 /* XCRemoteSwiftPackageReference "firebase-ios-sdk" */;
			productName = FirebaseFunctions;
		};
		02DC2C822E431E8B00962968 /* FirebaseFunctionsCombine-Community */ = {
			isa = XCSwiftPackageProductDependency;
			package = 02DC2C642E431E5900962968 /* XCRemoteSwiftPackageReference "firebase-ios-sdk" */;
			productName = "FirebaseFunctionsCombine-Community";
		};
		02DC2C842E431E8B00962968 /* FirebaseInAppMessaging-Beta */ = {
			isa = XCSwiftPackageProductDependency;
			package = 02DC2C642E431E5900962968 /* XCRemoteSwiftPackageReference "firebase-ios-sdk" */;
			productName = "FirebaseInAppMessaging-Beta";
		};
		02DC2C862E431E8B00962968 /* FirebaseInstallations */ = {
			isa = XCSwiftPackageProductDependency;
			package = 02DC2C642E431E5900962968 /* XCRemoteSwiftPackageReference "firebase-ios-sdk" */;
			productName = FirebaseInstallations;
		};
		02DC2C882E431E8B00962968 /* FirebaseMessaging */ = {
			isa = XCSwiftPackageProductDependency;
			package = 02DC2C642E431E5900962968 /* XCRemoteSwiftPackageReference "firebase-ios-sdk" */;
			productName = FirebaseMessaging;
		};
		02DC2C8A2E431E8B00962968 /* FirebaseMLModelDownloader */ = {
			isa = XCSwiftPackageProductDependency;
			package = 02DC2C642E431E5900962968 /* XCRemoteSwiftPackageReference "firebase-ios-sdk" */;
			productName = FirebaseMLModelDownloader;
		};
		02DC2C8C2E431E8B00962968 /* FirebasePerformance */ = {
			isa = XCSwiftPackageProductDependency;
			package = 02DC2C642E431E5900962968 /* XCRemoteSwiftPackageReference "firebase-ios-sdk" */;
			productName = FirebasePerformance;
		};
		02DC2C8E2E431E8B00962968 /* FirebaseRemoteConfig */ = {
			isa = XCSwiftPackageProductDependency;
			package = 02DC2C642E431E5900962968 /* XCRemoteSwiftPackageReference "firebase-ios-sdk" */;
			productName = FirebaseRemoteConfig;
		};
		02DC2C902E431E8B00962968 /* FirebaseStorage */ = {
			isa = XCSwiftPackageProductDependency;
			package = 02DC2C642E431E5900962968 /* XCRemoteSwiftPackageReference "firebase-ios-sdk" */;
			productName = FirebaseStorage;
		};
		02DC2C922E431E8B00962968 /* FirebaseStorageCombine-Community */ = {
			isa = XCSwiftPackageProductDependency;
			package = 02DC2C642E431E5900962968 /* XCRemoteSwiftPackageReference "firebase-ios-sdk" */;
			productName = "FirebaseStorageCombine-Community";
		};
/* End XCSwiftPackageProductDependency section */
	};
	rootObject = 02522FD82E266ECC0076AA46 /* Project object */;
}
