// !$*UTF8*$!
{
	archiveVersion = 1;
	classes = {
	};
	objectVersion = 77;
	objects = {

/* Begin PBXBuildFile section */
		02AB2B5B2ECC360900733ECE /* Pods_WeePay.framework in Frameworks */ = {isa = PBXBuildFile; fileRef = F833D5EF152285532151751B /* Pods_WeePay.framework */; };
		02AB2B5C2ECC360900733ECE /* Pods_WeePay.framework in Embed Frameworks */ = {isa = PBXBuildFile; fileRef = F833D5EF152285532151751B /* Pods_WeePay.framework */; settings = {ATTRIBUTES = (CodeSignOnCopy, RemoveHeadersOnCopy, ); }; };
		02DC2C672E431E8B00962968 /* FirebaseAI in Frameworks */ = {isa = PBXBuildFile; productRef = 02DC2C662E431E8B00962968 /* FirebaseAI */; };
		02DC2C692E431E8B00962968 /* FirebaseAnalytics in Frameworks */ = {isa = PBXBuildFile; productRef = 02DC2C682E431E8B00962968 /* FirebaseAnalytics */; };
		02DC2C6B2E431E8B00962968 /* FirebaseAnalyticsCore in Frameworks */ = {isa = PBXBuildFile; productRef = 02DC2C6A2E431E8B00962968 /* FirebaseAnalyticsCore */; };
		02DC2C6D2E431E8B00962968 /* FirebaseAnalyticsIdentitySupport in Frameworks */ = {isa = PBXBuildFile; productRef = 02DC2C6C2E431E8B00962968 /* FirebaseAnalyticsIdentitySupport */; };
		02DC2C6F2E431E8B00962968 /* FirebaseAppCheck in Frameworks */ = {isa = PBXBuildFile; productRef = 02DC2C6E2E431E8B00962968 /* FirebaseAppCheck */; };
		02DC2C712E431E8B00962968 /* FirebaseAppDistribution-Beta in Frameworks */ = {isa = PBXBuildFile; productRef = 02DC2C702E431E8B00962968 /* FirebaseAppDistribution-Beta */; };
		02DC2C732E431E8B00962968 /* FirebaseAuth in Frameworks */ = {isa = PBXBuildFile; productRef = 02DC2C722E431E8B00962968 /* FirebaseAuth */; };
		02DC2C752E431E8B00962968 /* FirebaseAuthCombine-Community in Frameworks */ = {isa = PBXBuildFile; productRef = 02DC2C742E431E8B00962968 /* FirebaseAuthCombine-Community */; };
		02DC2C772E431E8B00962968 /* FirebaseCore in Frameworks */ = {isa = PBXBuildFile; productRef = 02DC2C762E431E8B00962968 /* FirebaseCore */; };
		02DC2C792E431E8B00962968 /* FirebaseCrashlytics in Frameworks */ = {isa = PBXBuildFile; productRef = 02DC2C782E431E8B00962968 /* FirebaseCrashlytics */; };
		02DC2C7B2E431E8B00962968 /* FirebaseDatabase in Frameworks */ = {isa = PBXBuildFile; productRef = 02DC2C7A2E431E8B00962968 /* FirebaseDatabase */; };
		02DC2C7D2E431E8B00962968 /* FirebaseFirestore in Frameworks */ = {isa = PBXBuildFile; productRef = 02DC2C7C2E431E8B00962968 /* FirebaseFirestore */; };
		02DC2C7F2E431E8B00962968 /* FirebaseFirestoreCombine-Community in Frameworks */ = {isa = PBXBuildFile; productRef = 02DC2C7E2E431E8B00962968 /* FirebaseFirestoreCombine-Community */; };
		02DC2C812E431E8B00962968 /* FirebaseFunctions in Frameworks */ = {isa = PBXBuildFile; productRef = 02DC2C802E431E8B00962968 /* FirebaseFunctions */; };
		02DC2C832E431E8B00962968 /* FirebaseFunctionsCombine-Community in Frameworks */ = {isa = PBXBuildFile; productRef = 02DC2C822E431E8B00962968 /* FirebaseFunctionsCombine-Community */; };
		02DC2C852E431E8B00962968 /* FirebaseInAppMessaging-Beta in Frameworks */ = {isa = PBXBuildFile; productRef = 02DC2C842E431E8B00962968 /* FirebaseInAppMessaging-Beta */; };
		02DC2C872E431E8B00962968 /* FirebaseInstallations in Frameworks */ = {isa = PBXBuildFile; productRef = 02DC2C862E431E8B00962968 /* FirebaseInstallations */; };
		02DC2C892E431E8B00962968 /* FirebaseMessaging in Frameworks */ = {isa = PBXBuildFile; productRef = 02DC2C882E431E8B00962968 /* FirebaseMessaging */; };
		02DC2C8B2E431E8B00962968 /* FirebaseMLModelDownloader in Frameworks */ = {isa = PBXBuildFile; productRef = 02DC2C8A2E431E8B00962968 /* FirebaseMLModelDownloader */; };
		02DC2C8D2E431E8B00962968 /* FirebasePerformance in Frameworks */ = {isa = PBXBuildFile; productRef = 02DC2C8C2E431E8B00962968 /* FirebasePerformance */; };
		02DC2C8F2E431E8B00962968 /* FirebaseRemoteConfig in Frameworks */ = {isa = PBXBuildFile; productRef = 02DC2C8E2E431E8B00962968 /* FirebaseRemoteConfig */; };
		02DC2C912E431E8B00962968 /* FirebaseStorage in Frameworks */ = {isa = PBXBuildFile; productRef = 02DC2C902E431E8B00962968 /* FirebaseStorage */; };
		02DC2C932E431E8B00962968 /* FirebaseStorageCombine-Community in Frameworks */ = {isa = PBXBuildFile; productRef = 02DC2C922E431E8B00962968 /* FirebaseStorageCombine-Community */; };
		02E7AFA92EB8BC110036CCDB /* WeePayTests.swift in Sources */ = {isa = PBXBuildFile; fileRef = 02E7AFA72EB8BC110036CCDB /* WeePayTests.swift */; };
		02E7AFAD2EB8BC140036CCDB /* WeePayUITests.swift in Sources */ = {isa = PBXBuildFile; fileRef = 02E7AFAA2EB8BC140036CCDB /* WeePayUITests.swift */; };
		02E7AFAE2EB8BC140036CCDB /* WeePayUITestsLaunchTests.swift in Sources */ = {isa = PBXBuildFile; fileRef = 02E7AFAB2EB8BC140036CCDB /* WeePayUITestsLaunchTests.swift */; };
		8BEA58453AF4DCB7ADCF2028 /* Pods_WeePay_WeePayUITests.framework in Frameworks */ = {isa = PBXBuildFile; fileRef = 679B80A4DFBAF073CA854AB5 /* Pods_WeePay_WeePayUITests.framework */; };
		C6411A51081E20CCFDEA32A1 /* Pods_WeePayTests.framework in Frameworks */ = {isa = PBXBuildFile; fileRef = B0B6BCCC122BFE27171709A0 /* Pods_WeePayTests.framework */; };
/* End PBXBuildFile section */

/* Begin PBXContainerItemProxy section */
		02522FF62E266ECF0076AA46 /* PBXContainerItemProxy */ = {
			isa = PBXContainerItemProxy;
			containerPortal = 02522FD82E266ECC0076AA46 /* Project object */;
			proxyType = 1;
			remoteGlobalIDString = 02522FDF2E266ECC0076AA46;
			remoteInfo = WeePay;
		};
		025230002E266ECF0076AA46 /* PBXContainerItemProxy */ = {
			isa = PBXContainerItemProxy;
			containerPortal = 02522FD82E266ECC0076AA46 /* Project object */;
			proxyType = 1;
			remoteGlobalIDString = 02522FDF2E266ECC0076AA46;
			remoteInfo = WeePay;
		};
/* End PBXContainerItemProxy section */

/* Begin PBXCopyFilesBuildPhase section */
		02AB2B5D2ECC360900733ECE /* Embed Frameworks */ = {
			isa = PBXCopyFilesBuildPhase;
			buildActionMask = 2147483647;
			dstPath = "";
			dstSubfolderSpec = 10;
			files = (
				02AB2B5C2ECC360900733ECE /* Pods_WeePay.framework in Embed Frameworks */,
			);
			name = "Embed Frameworks";
			runOnlyForDeploymentPostprocessing = 0;
		};
/* End PBXCopyFilesBuildPhase section */

/* Begin PBXFileReference section */
		013AB500230B947689B9906E /* Pods-WeePay.release.xcconfig */ = {isa = PBXFileReference; includeInIndex = 1; lastKnownFileType = text.xcconfig; name = "Pods-WeePay.release.xcconfig"; path = "Target Support Files/Pods-WeePay/Pods-WeePay.release.xcconfig"; sourceTree = "<group>"; };
		02522FE02E266ECC0076AA46 /* WeePay.app */ = {isa = PBXFileReference; explicitFileType = wrapper.application; includeInIndex = 0; path = WeePay.app; sourceTree = BUILT_PRODUCTS_DIR; };
		02522FF52E266ECF0076AA46 /* WeePayTests.xctest */ = {isa = PBXFileReference; explicitFileType = wrapper.cfbundle; includeInIndex = 0; path = WeePayTests.xctest; sourceTree = BUILT_PRODUCTS_DIR; };
		02522FFF2E266ECF0076AA46 /* WeePayUITests.xctest */ = {isa = PBXFileReference; explicitFileType = wrapper.cfbundle; includeInIndex = 0; path = WeePayUITests.xctest; sourceTree = BUILT_PRODUCTS_DIR; };
		02E7AFA72EB8BC110036CCDB /* WeePayTests.swift */ = {isa = PBXFileReference; lastKnownFileType = sourcecode.swift; path = WeePayTests.swift; sourceTree = "<group>"; };
		02E7AFAA2EB8BC140036CCDB /* WeePayUITests.swift */ = {isa = PBXFileReference; lastKnownFileType = sourcecode.swift; path = WeePayUITests.swift; sourceTree = "<group>"; };
		02E7AFAB2EB8BC140036CCDB /* WeePayUITestsLaunchTests.swift */ = {isa = PBXFileReference; lastKnownFileType = sourcecode.swift; path = WeePayUITestsLaunchTests.swift; sourceTree = "<group>"; };
		47CA5254F30AB4F4081480C0 /* Pods-WeePayTests.debug.xcconfig */ = {isa = PBXFileReference; includeInIndex = 1; lastKnownFileType = text.xcconfig; name = "Pods-WeePayTests.debug.xcconfig"; path = "Target Support Files/Pods-WeePayTests/Pods-WeePayTests.debug.xcconfig"; sourceTree = "<group>"; };
		4AA198C3E7502571887895F9 /* Pods-WeePay-WeePayUITests.release.xcconfig */ = {isa = PBXFileReference; includeInIndex = 1; lastKnownFileType = text.xcconfig; name = "Pods-WeePay-WeePayUITests.release.xcconfig"; path = "Target Support Files/Pods-WeePay-WeePayUITests/Pods-WeePay-WeePayUITests.release.xcconfig"; sourceTree = "<group>"; };
		4DA6E9954B9385308531AFBA /* Pods-WeePay.debug.xcconfig */ = {isa = PBXFileReference; includeInIndex = 1; lastKnownFileType = text.xcconfig; name = "Pods-WeePay.debug.xcconfig"; path = "Target Support Files/Pods-WeePay/Pods-WeePay.debug.xcconfig"; sourceTree = "<group>"; };
		679B80A4DFBAF073CA854AB5 /* Pods_WeePay_WeePayUITests.framework */ = {isa = PBXFileReference; explicitFileType = wrapper.framework; includeInIndex = 0; path = Pods_WeePay_WeePayUITests.framework; sourceTree = BUILT_PRODUCTS_DIR; };
		8BC562CDE9BE6F8848F7D608 /* Pods-WeePay-WeePayUITests.debug.xcconfig */ = {isa = PBXFileReference; includeInIndex = 1; lastKnownFileType = text.xcconfig; name = "Pods-WeePay-WeePayUITests.debug.xcconfig"; path = "Target Support Files/Pods-WeePay-WeePayUITests/Pods-WeePay-WeePayUITests.debug.xcconfig"; sourceTree = "<group>"; };
		B0B6BCCC122BFE27171709A0 /* Pods_WeePayTests.framework */ = {isa = PBXFileReference; explicitFileType = wrapper.framework; includeInIndex = 0; path = Pods_WeePayTests.framework; sourceTree = BUILT_PRODUCTS_DIR; };
		EF91279E456645C860FEF696 /* Pods-WeePayTests.release.xcconfig */ = {isa = PBXFileReference; includeInIndex = 1; lastKnownFileType = text.xcconfig; name = "Pods-WeePayTests.release.xcconfig"; path = "Target Support Files/Pods-WeePayTests/Pods-WeePayTests.release.xcconfig"; sourceTree = "<group>"; };
		F833D5EF152285532151751B /* Pods_WeePay.framework */ = {isa = PBXFileReference; explicitFileType = wrapper.framework; includeInIndex = 0; path = Pods_WeePay.framework; sourceTree = BUILT_PRODUCTS_DIR; };
/* End PBXFileReference section */

/* Begin PBXFileSystemSynchronizedBuildFileExceptionSet section */
		02769BC22ECB4E510097FB16 /* Exceptions for "WeePay" folder in "WeePay" target */ = {
			isa = PBXFileSystemSynchronizedBuildFileExceptionSet;
			membershipExceptions = (
				Info.plist,
			);
			target = 02522FDF2E266ECC0076AA46 /* WeePay */;
		};
		02769BC32ECB4E510097FB16 /* Exceptions for "WeePay" folder in "WeePayTests" target */ = {
			isa = PBXFileSystemSynchronizedBuildFileExceptionSet;
			membershipExceptions = (
				AppDelegate.swift,
				Config/RazorpayConfig.swift,
				"GoogleService-Info.plist",
				Models/BankCard.swift,
				Models/ExpenseCategoryModel.swift,
				Podfile,
				"Preview Content/PreviewContainer.swift",
				Services/RazorpayPaymentService.swift,
				ViewModels/ExpenseTrackingViewModel.swift,
				Views/Expenses/AddExpenseView.swift,
				Views/Expenses/CategoryPickerView.swift,
				Views/Expenses/ExpenseDashboardView.swift,
				Views/Expenses/PaymentMethodPickerView.swift,
				Views/PaymentView.swift,
			);
			target = 02522FF42E266ECF0076AA46 /* WeePayTests */;
		};
		02769BC42ECB4E510097FB16 /* Exceptions for "WeePay" folder in "WeePayUITests" target */ = {
			isa = PBXFileSystemSynchronizedBuildFileExceptionSet;
			membershipExceptions = (
				AppDelegate.swift,
				Config/RazorpayConfig.swift,
				"GoogleService-Info.plist",
				Models/BankCard.swift,
				Models/ExpenseCategoryModel.swift,
				Podfile,
				"Preview Content/PreviewContainer.swift",
				Services/RazorpayPaymentService.swift,
				ViewModels/ExpenseTrackingViewModel.swift,
				Views/Expenses/AddExpenseView.swift,
				Views/Expenses/CategoryPickerView.swift,
				Views/Expenses/ExpenseDashboardView.swift,
				Views/Expenses/PaymentMethodPickerView.swift,
				Views/PaymentView.swift,
			);
			target = 02522FFE2E266ECF0076AA46 /* WeePayUITests */;
		};
/* End PBXFileSystemSynchronizedBuildFileExceptionSet section */

/* Begin PBXFileSystemSynchronizedRootGroup section */
		02769B7B2ECB4E500097FB16 /* WeePay */ = {
			isa = PBXFileSystemSynchronizedRootGroup;
			exceptions = (
				02769BC22ECB4E510097FB16 /* Exceptions for "WeePay" folder in "WeePay" target */,
				02769BC32ECB4E510097FB16 /* Exceptions for "WeePay" folder in "WeePayTests" target */,
				02769BC42ECB4E510097FB16 /* Exceptions for "WeePay" folder in "WeePayUITests" target */,
			);
			path = WeePay;
			sourceTree = "<group>";
		};
/* End PBXFileSystemSynchronizedRootGroup section */

/* Begin PBXFrameworksBuildPhase section */
		02522FDD2E266ECC0076AA46 /* Frameworks */ = {
			isa = PBXFrameworksBuildPhase;
			buildActionMask = 2147483647;
			files = (
				02DC2C892E431E8B00962968 /* FirebaseMessaging in Frameworks */,
				02AB2B5B2ECC360900733ECE /* Pods_WeePay.framework in Frameworks */,
				02DC2C7F2E431E8B00962968 /* FirebaseFirestoreCombine-Community in Frameworks */,
				02DC2C672E431E8B00962968 /* FirebaseAI in Frameworks */,
				02DC2C772E431E8B00962968 /* FirebaseCore in Frameworks */,
				02DC2C692E431E8B00962968 /* FirebaseAnalytics in Frameworks */,
				02DC2C872E431E8B00962968 /* FirebaseInstallations in Frameworks */,
				02DC2C8B2E431E8B00962968 /* FirebaseMLModelDownloader in Frameworks */,
				02DC2C8F2E431E8B00962968 /* FirebaseRemoteConfig in Frameworks */,
				02DC2C7D2E431E8B00962968 /* FirebaseFirestore in Frameworks */,
				02DC2C8D2E431E8B00962968 /* FirebasePerformance in Frameworks */,
				02DC2C812E431E8B00962968 /* FirebaseFunctions in Frameworks */,
				02DC2C6B2E431E8B00962968 /* FirebaseAnalyticsCore in Frameworks */,
				02DC2C752E431E8B00962968 /* FirebaseAuthCombine-Community in Frameworks */,
				02DC2C7B2E431E8B00962968 /* FirebaseDatabase in Frameworks */,
				02DC2C6D2E431E8B00962968 /* FirebaseAnalyticsIdentitySupport in Frameworks */,
				02DC2C832E431E8B00962968 /* FirebaseFunctionsCombine-Community in Frameworks */,
				02DC2C852E431E8B00962968 /* FirebaseInAppMessaging-Beta in Frameworks */,
				02DC2C732E431E8B00962968 /* FirebaseAuth in Frameworks */,
				02DC2C792E431E8B00962968 /* FirebaseCrashlytics in Frameworks */,
				02DC2C912E431E8B00962968 /* FirebaseStorage in Frameworks */,
				02DC2C6F2E431E8B00962968 /* FirebaseAppCheck in Frameworks */,
				02DC2C932E431E8B00962968 /* FirebaseStorageCombine-Community in Frameworks */,
				02DC2C712E431E8B00962968 /* FirebaseAppDistribution-Beta in Frameworks */,
			);
			runOnlyForDeploymentPostprocessing = 0;
		};
		02522FF22E266ECF0076AA46 /* Frameworks */ = {
			isa = PBXFrameworksBuildPhase;
			buildActionMask = 2147483647;
			files = (
				C6411A51081E20CCFDEA32A1 /* Pods_WeePayTests.framework in Frameworks */,
			);
			runOnlyForDeploymentPostprocessing = 0;
		};
		02522FFC2E266ECF0076AA46 /* Frameworks */ = {
			isa = PBXFrameworksBuildPhase;
			buildActionMask = 2147483647;
			files = (
				8BEA58453AF4DCB7ADCF2028 /* Pods_WeePay_WeePayUITests.framework in Frameworks */,
			);
			runOnlyForDeploymentPostprocessing = 0;
		};
/* End PBXFrameworksBuildPhase section */

/* Begin PBXGroup section */
		02522FD72E266ECC0076AA46 = {
			isa = PBXGroup;
			children = (
				02769B7B2ECB4E500097FB16 /* WeePay */,
				02E7AFA82EB8BC110036CCDB /* WeePayTests */,
				02E7AFAC2EB8BC140036CCDB /* WeePayUITests */,
				02522FE12E266ECC0076AA46 /* Products */,
				5428B4EC1DF89E3F8DA5AD28 /* Pods */,
				9613AB61475E861207500E34 /* Frameworks */,
			);
			sourceTree = "<group>";
		};
		02522FE12E266ECC0076AA46 /* Products */ = {
			isa = PBXGroup;
			children = (
				02522FE02E266ECC0076AA46 /* WeePay.app */,
				02522FF52E266ECF0076AA46 /* WeePayTests.xctest */,
				02522FFF2E266ECF0076AA46 /* WeePayUITests.xctest */,
			);
			name = Products;
			sourceTree = "<group>";
		};
		02E7AFA82EB8BC110036CCDB /* WeePayTests */ = {
			isa = PBXGroup;
			children = (
				02E7AFA72EB8BC110036CCDB /* WeePayTests.swift */,
			);
			path = WeePayTests;
			sourceTree = "<group>";
		};
		02E7AFAC2EB8BC140036CCDB /* WeePayUITests */ = {
			isa = PBXGroup;
			children = (
				02E7AFAA2EB8BC140036CCDB /* WeePayUITests.swift */,
				02E7AFAB2EB8BC140036CCDB /* WeePayUITestsLaunchTests.swift */,
			);
			path = WeePayUITests;
			sourceTree = "<group>";
		};
		5428B4EC1DF89E3F8DA5AD28 /* Pods */ = {
			isa = PBXGroup;
			children = (
				4DA6E9954B9385308531AFBA /* Pods-WeePay.debug.xcconfig */,
				013AB500230B947689B9906E /* Pods-WeePay.release.xcconfig */,
				8BC562CDE9BE6F8848F7D608 /* Pods-WeePay-WeePayUITests.debug.xcconfig */,
				4AA198C3E7502571887895F9 /* Pods-WeePay-WeePayUITests.release.xcconfig */,
				47CA5254F30AB4F4081480C0 /* Pods-WeePayTests.debug.xcconfig */,
				EF91279E456645C860FEF696 /* Pods-WeePayTests.release.xcconfig */,
			);
			path = Pods;
			sourceTree = "<group>";
		};
		9613AB61475E861207500E34 /* Frameworks */ = {
			isa = PBXGroup;
			children = (
				F833D5EF152285532151751B /* Pods_WeePay.framework */,
				679B80A4DFBAF073CA854AB5 /* Pods_WeePay_WeePayUITests.framework */,
				B0B6BCCC122BFE27171709A0 /* Pods_WeePayTests.framework */,
			);
			name = Frameworks;
			sourceTree = "<group>";
		};
/* End PBXGroup section */

/* Begin PBXNativeTarget section */
		02522FDF2E266ECC0076AA46 /* WeePay */ = {
			isa = PBXNativeTarget;
			buildConfigurationList = 025230092E266ECF0076AA46 /* Build configuration list for PBXNativeTarget "WeePay" */;
			buildPhases = (
				8CE4712AAE2E07B941132FC8 /* [CP] Check Pods Manifest.lock */,
				02522FDC2E266ECC0076AA46 /* Sources */,
				02522FDD2E266ECC0076AA46 /* Frameworks */,
				02522FDE2E266ECC0076AA46 /* Resources */,
				811B39ED958169A18C2FC218 /* [CP] Embed Pods Frameworks */,
				02AB2B5D2ECC360900733ECE /* Embed Frameworks */,
			);
			buildRules = (
			);
			dependencies = (
			);
			fileSystemSynchronizedGroups = (
				02769B7B2ECB4E500097FB16 /* WeePay */,
			);
			name = WeePay;
			packageProductDependencies = (
				02DC2C662E431E8B00962968 /* FirebaseAI */,
				02DC2C682E431E8B00962968 /* FirebaseAnalytics */,
				02DC2C6A2E431E8B00962968 /* FirebaseAnalyticsCore */,
				02DC2C6C2E431E8B00962968 /* FirebaseAnalyticsIdentitySupport */,
				02DC2C6E2E431E8B00962968 /* FirebaseAppCheck */,
				02DC2C702E431E8B00962968 /* FirebaseAppDistribution-Beta */,
				02DC2C722E431E8B00962968 /* FirebaseAuth */,
				02DC2C742E431E8B00962968 /* FirebaseAuthCombine-Community */,
				02DC2C762E431E8B00962968 /* FirebaseCore */,
				02DC2C782E431E8B00962968 /* FirebaseCrashlytics */,
				02DC2C7A2E431E8B00962968 /* FirebaseDatabase */,
				02DC2C7C2E431E8B00962968 /* FirebaseFirestore */,
				02DC2C7E2E431E8B00962968 /* FirebaseFirestoreCombine-Community */,
				02DC2C802E431E8B00962968 /* FirebaseFunctions */,
				02DC2C822E431E8B00962968 /* FirebaseFunctionsCombine-Community */,
				02DC2C842E431E8B00962968 /* FirebaseInAppMessaging-Beta */,
				02DC2C862E431E8B00962968 /* FirebaseInstallations */,
				02DC2C882E431E8B00962968 /* FirebaseMessaging */,
				02DC2C8A2E431E8B00962968 /* FirebaseMLModelDownloader */,
				02DC2C8C2E431E8B00962968 /* FirebasePerformance */,
				02DC2C8E2E431E8B00962968 /* FirebaseRemoteConfig */,
				02DC2C902E431E8B00962968 /* FirebaseStorage */,
				02DC2C922E431E8B00962968 /* FirebaseStorageCombine-Community */,
			);
			productName = WeePay;
			productReference = 02522FE02E266ECC0076AA46 /* WeePay.app */;
			productType = "com.apple.product-type.application";
		};
		02522FF42E266ECF0076AA46 /* WeePayTests */ = {
			isa = PBXNativeTarget;
			buildConfigurationList = 0252300C2E266ECF0076AA46 /* Build configuration list for PBXNativeTarget "WeePayTests" */;
			buildPhases = (
				BC6090A821AB86ACC6612EFB /* [CP] Check Pods Manifest.lock */,
				02522FF12E266ECF0076AA46 /* Sources */,
				02522FF22E266ECF0076AA46 /* Frameworks */,
				02522FF32E266ECF0076AA46 /* Resources */,
			);
			buildRules = (
			);
			dependencies = (
				02522FF72E266ECF0076AA46 /* PBXTargetDependency */,
			);
			name = WeePayTests;
			productName = WeePayTests;
			productReference = 02522FF52E266ECF0076AA46 /* WeePayTests.xctest */;
			productType = "com.apple.product-type.bundle.unit-test";
		};
		02522FFE2E266ECF0076AA46 /* WeePayUITests */ = {
			isa = PBXNativeTarget;
			buildConfigurationList = 0252300F2E266ECF0076AA46 /* Build configuration list for PBXNativeTarget "WeePayUITests" */;
			buildPhases = (
				80EC9ECFC87B2AA6ABC8F766 /* [CP] Check Pods Manifest.lock */,
				02522FFB2E266ECF0076AA46 /* Sources */,
				02522FFC2E266ECF0076AA46 /* Frameworks */,
				02522FFD2E266ECF0076AA46 /* Resources */,
				21E0529ADB109B13AC7EFA72 /* [CP] Embed Pods Frameworks */,
			);
			buildRules = (
			);
			dependencies = (
				025230012E266ECF0076AA46 /* PBXTargetDependency */,
			);
			name = WeePayUITests;
			productName = WeePayUITests;
			productReference = 02522FFF2E266ECF0076AA46 /* WeePayUITests.xctest */;
			productType = "com.apple.product-type.bundle.ui-testing";
		};
/* End PBXNativeTarget section */

/* Begin PBXProject section */
		02522FD82E266ECC0076AA46 /* Project object */ = {
			isa = PBXProject;
			attributes = {
				BuildIndependentTargetsInParallel = 1;
				LastSwiftUpdateCheck = 1620;
				LastUpgradeCheck = 1620;
				TargetAttributes = {
					02522FDF2E266ECC0076AA46 = {
						CreatedOnToolsVersion = 16.2;
					};
					02522FF42E266ECF0076AA46 = {
						CreatedOnToolsVersion = 16.2;
						TestTargetID = 02522FDF2E266ECC0076AA46;
					};
					02522FFE2E266ECF0076AA46 = {
						CreatedOnToolsVersion = 16.2;
						TestTargetID = 02522FDF2E266ECC0076AA46;
					};
				};
			};
			buildConfigurationList = 02522FDB2E266ECC0076AA46 /* Build configuration list for PBXProject "WeePay" */;
			developmentRegion = en;
			hasScannedForEncodings = 0;
			knownRegions = (
				en,
				Base,
			);
			mainGroup = 02522FD72E266ECC0076AA46;
			minimizedProjectReferenceProxies = 1;
			packageReferences = (
				02DC2C642E431E5900962968 /* XCRemoteSwiftPackageReference "firebase-ios-sdk" */,
			);
			preferredProjectObjectVersion = 77;
			productRefGroup = 02522FE12E266ECC0076AA46 /* Products */;
			projectDirPath = "";
			projectRoot = "";
			targets = (
				02522FDF2E266ECC0076AA46 /* WeePay */,
				02522FF42E266ECF0076AA46 /* WeePayTests */,
				02522FFE2E266ECF0076AA46 /* WeePayUITests */,
			);
		};
/* End PBXProject section */

/* Begin PBXResourcesBuildPhase section */
		02522FDE2E266ECC0076AA46 /* Resources */ = {
			isa = PBXResourcesBuildPhase;
			buildActionMask = 2147483647;
			files = (
			);
			runOnlyForDeploymentPostprocessing = 0;
		};
		02522FF32E266ECF0076AA46 /* Resources */ = {
			isa = PBXResourcesBuildPhase;
			buildActionMask = 2147483647;
			files = (
			);
			runOnlyForDeploymentPostprocessing = 0;
		};
		02522FFD2E266ECF0076AA46 /* Resources */ = {
			isa = PBXResourcesBuildPhase;
			buildActionMask = 2147483647;
			files = (
			);
			runOnlyForDeploymentPostprocessing = 0;
		};
/* End PBXResourcesBuildPhase section */

/* Begin PBXShellScriptBuildPhase section */
		21E0529ADB109B13AC7EFA72 /* [CP] Embed Pods Frameworks */ = {
			isa = PBXShellScriptBuildPhase;
			buildActionMask = 2147483647;
			files = (
			);
			inputFileListPaths = (
				"${PODS_ROOT}/Target Support Files/Pods-WeePay-WeePayUITests/Pods-WeePay-WeePayUITests-frameworks-${CONFIGURATION}-input-files.xcfilelist",
			);
			inputPaths = (
			);
			name = "[CP] Embed Pods Frameworks";
			outputFileListPaths = (
				"${PODS_ROOT}/Target Support Files/Pods-WeePay-WeePayUITests/Pods-WeePay-WeePayUITests-frameworks-${CONFIGURATION}-output-files.xcfilelist",
			);
			outputPaths = (
			);
			runOnlyForDeploymentPostprocessing = 0;
			shellPath = /bin/sh;
			shellScript = "\"${PODS_ROOT}/Target Support Files/Pods-WeePay-WeePayUITests/Pods-WeePay-WeePayUITests-frameworks.sh\"\n";
			showEnvVarsInLog = 0;
		};
		80EC9ECFC87B2AA6ABC8F766 /* [CP] Check Pods Manifest.lock */ = {
			isa = PBXShellScriptBuildPhase;
			buildActionMask = 2147483647;
			files = (
			);
			inputFileListPaths = (
			);
			inputPaths = (
				"${PODS_PODFILE_DIR_PATH}/Podfile.lock",
				"${PODS_ROOT}/Manifest.lock",
			);
			name = "[CP] Check Pods Manifest.lock";
			outputFileListPaths = (
			);
			outputPaths = (
				"$(DERIVED_FILE_DIR)/Pods-WeePay-WeePayUITests-checkManifestLockResult.txt",
			);
			runOnlyForDeploymentPostprocessing = 0;
			shellPath = /bin/sh;
			shellScript = "diff \"${PODS_PODFILE_DIR_PATH}/Podfile.lock\" \"${PODS_ROOT}/Manifest.lock\" > /dev/null\nif [ $? != 0 ] ; then\n    # print error to STDERR\n    echo \"error: The sandbox is not in sync with the Podfile.lock. Run 'pod install' or update your CocoaPods installation.\" >&2\n    exit 1\nfi\n# This output is used by Xcode 'outputs' to avoid re-running this script phase.\necho \"SUCCESS\" > \"${SCRIPT_OUTPUT_FILE_0}\"\n";
			showEnvVarsInLog = 0;
		};
		811B39ED958169A18C2FC218 /* [CP] Embed Pods Frameworks */ = {
			isa = PBXShellScriptBuildPhase;
			buildActionMask = 2147483647;
			files = (
			);
			inputFileListPaths = (
				"${PODS_ROOT}/Target Support Files/Pods-WeePay/Pods-WeePay-frameworks-${CONFIGURATION}-input-files.xcfilelist",
			);
			inputPaths = (
			);
			name = "[CP] Embed Pods Frameworks";
			outputFileListPaths = (
				"${PODS_ROOT}/Target Support Files/Pods-WeePay/Pods-WeePay-frameworks-${CONFIGURATION}-output-files.xcfilelist",
			);
			outputPaths = (
			);
			runOnlyForDeploymentPostprocessing = 0;
			shellPath = /bin/sh;
			shellScript = "\"${PODS_ROOT}/Target Support Files/Pods-WeePay/Pods-WeePay-frameworks.sh\"\n";
			showEnvVarsInLog = 0;
		};
		8CE4712AAE2E07B941132FC8 /* [CP] Check Pods Manifest.lock */ = {
			isa = PBXShellScriptBuildPhase;
			buildActionMask = 2147483647;
			files = (
			);
			inputFileListPaths = (
			);
			inputPaths = (
				"${PODS_PODFILE_DIR_PATH}/Podfile.lock",
				"${PODS_ROOT}/Manifest.lock",
			);
			name = "[CP] Check Pods Manifest.lock";
			outputFileListPaths = (
			);
			outputPaths = (
				"$(DERIVED_FILE_DIR)/Pods-WeePay-checkManifestLockResult.txt",
			);
			runOnlyForDeploymentPostprocessing = 0;
			shellPath = /bin/sh;
			shellScript = "diff \"${PODS_PODFILE_DIR_PATH}/Podfile.lock\" \"${PODS_ROOT}/Manifest.lock\" > /dev/null\nif [ $? != 0 ] ; then\n    # print error to STDERR\n    echo \"error: The sandbox is not in sync with the Podfile.lock. Run 'pod install' or update your CocoaPods installation.\" >&2\n    exit 1\nfi\n# This output is used by Xcode 'outputs' to avoid re-running this script phase.\necho \"SUCCESS\" > \"${SCRIPT_OUTPUT_FILE_0}\"\n";
			showEnvVarsInLog = 0;
		};
		BC6090A821AB86ACC6612EFB /* [CP] Check Pods Manifest.lock */ = {
			isa = PBXShellScriptBuildPhase;
			buildActionMask = 2147483647;
			files = (
			);
			inputFileListPaths = (
			);
			inputPaths = (
				"${PODS_PODFILE_DIR_PATH}/Podfile.lock",
				"${PODS_ROOT}/Manifest.lock",
			);
			name = "[CP] Check Pods Manifest.lock";
			outputFileListPaths = (
			);
			outputPaths = (
				"$(DERIVED_FILE_DIR)/Pods-WeePayTests-checkManifestLockResult.txt",
			);
			runOnlyForDeploymentPostprocessing = 0;
			shellPath = /bin/sh;
			shellScript = "diff \"${PODS_PODFILE_DIR_PATH}/Podfile.lock\" \"${PODS_ROOT}/Manifest.lock\" > /dev/null\nif [ $? != 0 ] ; then\n    # print error to STDERR\n    echo \"error: The sandbox is not in sync with the Podfile.lock. Run 'pod install' or update your CocoaPods installation.\" >&2\n    exit 1\nfi\n# This output is used by Xcode 'outputs' to avoid re-running this script phase.\necho \"SUCCESS\" > \"${SCRIPT_OUTPUT_FILE_0}\"\n";
			showEnvVarsInLog = 0;
		};
/* End PBXShellScriptBuildPhase section */

/* Begin PBXSourcesBuildPhase section */
		02522FDC2E266ECC0076AA46 /* Sources */ = {
			isa = PBXSourcesBuildPhase;
			buildActionMask = 2147483647;
			files = (
			);
			runOnlyForDeploymentPostprocessing = 0;
		};
		02522FF12E266ECF0076AA46 /* Sources */ = {
			isa = PBXSourcesBuildPhase;
			buildActionMask = 2147483647;
			files = (
				02E7AFA92EB8BC110036CCDB /* WeePayTests.swift in Sources */,
			);
			runOnlyForDeploymentPostprocessing = 0;
		};
		02522FFB2E266ECF0076AA46 /* Sources */ = {
			isa = PBXSourcesBuildPhase;
			buildActionMask = 2147483647;
			files = (
				02E7AFAD2EB8BC140036CCDB /* WeePayUITests.swift in Sources */,
				02E7AFAE2EB8BC140036CCDB /* WeePayUITestsLaunchTests.swift in Sources */,
			);
			runOnlyForDeploymentPostprocessing = 0;
		};
/* End PBXSourcesBuildPhase section */

/* Begin PBXTargetDependency section */
		02522FF72E266ECF0076AA46 /* PBXTargetDependency */ = {
			isa = PBXTargetDependency;
			target = 02522FDF2E266ECC0076AA46 /* WeePay */;
			targetProxy = 02522FF62E266ECF0076AA46 /* PBXContainerItemProxy */;
		};
		025230012E266ECF0076AA46 /* PBXTargetDependency */ = {
			isa = PBXTargetDependency;
			target = 02522FDF2E266ECC0076AA46 /* WeePay */;
			targetProxy = 025230002E266ECF0076AA46 /* PBXContainerItemProxy */;
		};
/* End PBXTargetDependency section */

/* Begin XCBuildConfiguration section */
		025230072E266ECF0076AA46 /* Debug */ = {
			isa = XCBuildConfiguration;
			buildSettings = {
				ALWAYS_SEARCH_USER_PATHS = NO;
				ASSETCATALOG_COMPILER_GENERATE_SWIFT_ASSET_SYMBOL_EXTENSIONS = YES;
				CLANG_ANALYZER_NONNULL = YES;
				CLANG_ANALYZER_NUMBER_OBJECT_CONVERSION = YES_AGGRESSIVE;
				CLANG_CXX_LANGUAGE_STANDARD = "gnu++20";
				CLANG_ENABLE_MODULES = YES;
				CLANG_ENABLE_OBJC_ARC = YES;
				CLANG_ENABLE_OBJC_WEAK = YES;
				CLANG_WARN_BLOCK_CAPTURE_AUTORELEASING = YES;
				CLANG_WARN_BOOL_CONVERSION = YES;
				CLANG_WARN_COMMA = YES;
				CLANG_WARN_CONSTANT_CONVERSION = YES;
				CLANG_WARN_DEPRECATED_OBJC_IMPLEMENTATIONS = YES;
				CLANG_WARN_DIRECT_OBJC_ISA_USAGE = YES_ERROR;
				CLANG_WARN_DOCUMENTATION_COMMENTS = YES;
				CLANG_WARN_EMPTY_BODY = YES;
				CLANG_WARN_ENUM_CONVERSION = YES;
				CLANG_WARN_INFINITE_RECURSION = YES;
				CLANG_WARN_INT_CONVERSION = YES;
				CLANG_WARN_NON_LITERAL_NULL_CONVERSION = YES;
				CLANG_WARN_OBJC_IMPLICIT_RETAIN_SELF = YES;
				CLANG_WARN_OBJC_LITERAL_CONVERSION = YES;
				CLANG_WARN_OBJC_ROOT_CLASS = YES_ERROR;
				CLANG_WARN_QUOTED_INCLUDE_IN_FRAMEWORK_HEADER = YES;
				CLANG_WARN_RANGE_LOOP_ANALYSIS = YES;
				CLANG_WARN_STRICT_PROTOTYPES = YES;
				CLANG_WARN_SUSPICIOUS_MOVE = YES;
				CLANG_WARN_UNGUARDED_AVAILABILITY = YES_AGGRESSIVE;
				CLANG_WARN_UNREACHABLE_CODE = YES;
				CLANG_WARN__DUPLICATE_METHOD_MATCH = YES;
				COPY_PHASE_STRIP = NO;
				DEBUG_INFORMATION_FORMAT = dwarf;
				ENABLE_STRICT_OBJC_MSGSEND = YES;
				ENABLE_TESTABILITY = YES;
				ENABLE_USER_SCRIPT_SANDBOXING = NO;
				GCC_C_LANGUAGE_STANDARD = gnu17;
				GCC_DYNAMIC_NO_PIC = NO;
				GCC_NO_COMMON_BLOCKS = YES;
				GCC_OPTIMIZATION_LEVEL = 0;
				GCC_PREPROCESSOR_DEFINITIONS = (
					"DEBUG=1",
					"$(inherited)",
				);
				GCC_WARN_64_TO_32_BIT_CONVERSION = YES;
				GCC_WARN_ABOUT_RETURN_TYPE = YES_ERROR;
				GCC_WARN_UNDECLARED_SELECTOR = YES;
				GCC_WARN_UNINITIALIZED_AUTOS = YES_AGGRESSIVE;
				GCC_WARN_UNUSED_FUNCTION = YES;
				GCC_WARN_UNUSED_VARIABLE = YES;
				IPHONEOS_DEPLOYMENT_TARGET = 18.2;
				LOCALIZATION_PREFERS_STRING_CATALOGS = YES;
				MTL_ENABLE_DEBUG_INFO = INCLUDE_SOURCE;
				MTL_FAST_MATH = YES;
				ONLY_ACTIVE_ARCH = YES;
				SDKROOT = iphoneos;
				SWIFT_ACTIVE_COMPILATION_CONDITIONS = "DEBUG $(inherited)";
				SWIFT_OPTIMIZATION_LEVEL = "-Onone";
				SWIFT_VERSION = 6.0;
			};
			name = Debug;
		};
		025230082E266ECF0076AA46 /* Release */ = {
			isa = XCBuildConfiguration;
			buildSettings = {
				ALWAYS_SEARCH_USER_PATHS = NO;
				ASSETCATALOG_COMPILER_GENERATE_SWIFT_ASSET_SYMBOL_EXTENSIONS = YES;
				CLANG_ANALYZER_NONNULL = YES;
				CLANG_ANALYZER_NUMBER_OBJECT_CONVERSION = YES_AGGRESSIVE;
				CLANG_CXX_LANGUAGE_STANDARD = "gnu++20";
				CLANG_ENABLE_MODULES = YES;
				CLANG_ENABLE_OBJC_ARC = YES;
				CLANG_ENABLE_OBJC_WEAK = YES;
				CLANG_WARN_BLOCK_CAPTURE_AUTORELEASING = YES;
				CLANG_WARN_BOOL_CONVERSION = YES;
				CLANG_WARN_COMMA = YES;
				CLANG_WARN_CONSTANT_CONVERSION = YES;
				CLANG_WARN_DEPRECATED_OBJC_IMPLEMENTATIONS = YES;
				CLANG_WARN_DIRECT_OBJC_ISA_USAGE = YES_ERROR;
				CLANG_WARN_DOCUMENTATION_COMMENTS = YES;
				CLANG_WARN_EMPTY_BODY = YES;
				CLANG_WARN_ENUM_CONVERSION = YES;
				CLANG_WARN_INFINITE_RECURSION = YES;
				CLANG_WARN_INT_CONVERSION = YES;
				CLANG_WARN_NON_LITERAL_NULL_CONVERSION = YES;
				CLANG_WARN_OBJC_IMPLICIT_RETAIN_SELF = YES;
				CLANG_WARN_OBJC_LITERAL_CONVERSION = YES;
				CLANG_WARN_OBJC_ROOT_CLASS = YES_ERROR;
				CLANG_WARN_QUOTED_INCLUDE_IN_FRAMEWORK_HEADER = YES;
				CLANG_WARN_RANGE_LOOP_ANALYSIS = YES;
				CLANG_WARN_STRICT_PROTOTYPES = YES;
				CLANG_WARN_SUSPICIOUS_MOVE = YES;
				CLANG_WARN_UNGUARDED_AVAILABILITY = YES_AGGRESSIVE;
				CLANG_WARN_UNREACHABLE_CODE = YES;
				CLANG_WARN__DUPLICATE_METHOD_MATCH = YES;
				COPY_PHASE_STRIP = NO;
				DEBUG_INFORMATION_FORMAT = "dwarf-with-dsym";
				ENABLE_NS_ASSERTIONS = NO;
				ENABLE_STRICT_OBJC_MSGSEND = YES;
				ENABLE_USER_SCRIPT_SANDBOXING = NO;
				GCC_C_LANGUAGE_STANDARD = gnu17;
				GCC_NO_COMMON_BLOCKS = YES;
				GCC_WARN_64_TO_32_BIT_CONVERSION = YES;
				GCC_WARN_ABOUT_RETURN_TYPE = YES_ERROR;
				GCC_WARN_UNDECLARED_SELECTOR = YES;
				GCC_WARN_UNINITIALIZED_AUTOS = YES_AGGRESSIVE;
				GCC_WARN_UNUSED_FUNCTION = YES;
				GCC_WARN_UNUSED_VARIABLE = YES;
				IPHONEOS_DEPLOYMENT_TARGET = 18.2;
				LOCALIZATION_PREFERS_STRING_CATALOGS = YES;
				MTL_ENABLE_DEBUG_INFO = NO;
				MTL_FAST_MATH = YES;
				SDKROOT = iphoneos;
				SWIFT_COMPILATION_MODE = wholemodule;
				SWIFT_VERSION = 6.0;
				VALIDATE_PRODUCT = YES;
			};
			name = Release;
		};
		0252300A2E266ECF0076AA46 /* Debug */ = {
			isa = XCBuildConfiguration;
			baseConfigurationReference = 4DA6E9954B9385308531AFBA /* Pods-WeePay.debug.xcconfig */;
			buildSettings = {
				ASSETCATALOG_COMPILER_APPICON_NAME = AppIcon;
				ASSETCATALOG_COMPILER_GLOBAL_ACCENT_COLOR_NAME = AccentColor;
				CODE_SIGN_ENTITLEMENTS = WeePay/WeePay.entitlements;
				CODE_SIGN_IDENTITY = "Apple Development";
				CODE_SIGN_STYLE = Automatic;
				CURRENT_PROJECT_VERSION = 1;
				DEVELOPMENT_ASSET_PATHS = "\"WeePay/Preview Content\"";
				DEVELOPMENT_TEAM = 873C79DZCG;
				ENABLE_PREVIEWS = YES;
				GENERATE_INFOPLIST_FILE = YES;
				GOOGLE_API_KEY = "$(GOOGLE_API_KEY)";
				INFOPLIST_FILE = WeePay/Info.plist;
				INFOPLIST_KEY_CFBundleDisplayName = WeePay;
				INFOPLIST_KEY_UIApplicationSceneManifest_Generation = YES;
				INFOPLIST_KEY_UIApplicationSupportsIndirectInputEvents = YES;
				INFOPLIST_KEY_UIRequiredDeviceCapabilities = armv7;
				INFOPLIST_KEY_UISupportedInterfaceOrientations = "UIInterfaceOrientationPortrait UIInterfaceOrientationLandscapeLeft UIInterfaceOrientationLandscapeRight";
				INFOPLIST_KEY_UISupportedInterfaceOrientations_iPad = "UIInterfaceOrientationPortrait UIInterfaceOrientationPortraitUpsideDown UIInterfaceOrientationLandscapeLeft UIInterfaceOrientationLandscapeRight";
				INFOPLIST_KEY_UISupportedInterfaceOrientations_iPhone = "UIInterfaceOrientationPortrait UIInterfaceOrientationLandscapeLeft UIInterfaceOrientationLandscapeRight";
				LD_RUNPATH_SEARCH_PATHS = (
					"$(inherited)",
					"@executable_path/Frameworks",
				);
				MARKETING_VERSION = 1.0;
				PRODUCT_BUNDLE_IDENTIFIER = Anshuman.WeePay;
				PRODUCT_NAME = "$(TARGET_NAME)";
				PROVISIONING_PROFILE_SPECIFIER = "";
				SWIFT_EMIT_LOC_STRINGS = YES;
				SWIFT_VERSION = 6.0;
				TARGETED_DEVICE_FAMILY = "1,2";
			};
			name = Debug;
		};
		0252300B2E266ECF0076AA46 /* Release */ = {
			isa = XCBuildConfiguration;
			baseConfigurationReference = 013AB500230B947689B9906E /* Pods-WeePay.release.xcconfig */;
			buildSettings = {
				ASSETCATALOG_COMPILER_APPICON_NAME = AppIcon;
				ASSETCATALOG_COMPILER_GLOBAL_ACCENT_COLOR_NAME = AccentColor;
				CODE_SIGN_ENTITLEMENTS = WeePay/WeePay.entitlements;
				CODE_SIGN_IDENTITY = "Apple Development";
				CODE_SIGN_STYLE = Automatic;
				CURRENT_PROJECT_VERSION = 1;
				DEVELOPMENT_ASSET_PATHS = "\"WeePay/Preview Content\"";
				DEVELOPMENT_TEAM = 873C79DZCG;
				ENABLE_PREVIEWS = YES;
				GENERATE_INFOPLIST_FILE = YES;
				GOOGLE_API_KEY = "$(GOOGLE_API_KEY)";
				INFOPLIST_FILE = WeePay/Info.plist;
				INFOPLIST_KEY_CFBundleDisplayName = WeePay;
				INFOPLIST_KEY_UIApplicationSceneManifest_Generation = YES;
				INFOPLIST_KEY_UIApplicationSupportsIndirectInputEvents = YES;
				INFOPLIST_KEY_UIRequiredDeviceCapabilities = armv7;
				INFOPLIST_KEY_UISupportedInterfaceOrientations = "UIInterfaceOrientationPortrait UIInterfaceOrientationLandscapeLeft UIInterfaceOrientationLandscapeRight";
				INFOPLIST_KEY_UISupportedInterfaceOrientations_iPad = "UIInterfaceOrientationPortrait UIInterfaceOrientationPortraitUpsideDown UIInterfaceOrientationLandscapeLeft UIInterfaceOrientationLandscapeRight";
				INFOPLIST_KEY_UISupportedInterfaceOrientations_iPhone = "UIInterfaceOrientationPortrait UIInterfaceOrientationLandscapeLeft UIInterfaceOrientationLandscapeRight";
				LD_RUNPATH_SEARCH_PATHS = (
					"$(inherited)",
					"@executable_path/Frameworks",
				);
				MARKETING_VERSION = 1.0;
				PRODUCT_BUNDLE_IDENTIFIER = Anshuman.WeePay;
				PRODUCT_NAME = "$(TARGET_NAME)";
				PROVISIONING_PROFILE_SPECIFIER = "";
				SWIFT_EMIT_LOC_STRINGS = YES;
				SWIFT_VERSION = 6.0;
				TARGETED_DEVICE_FAMILY = "1,2";
			};
			name = Release;
		};
		0252300D2E266ECF0076AA46 /* Debug */ = {
			isa = XCBuildConfiguration;
			baseConfigurationReference = 47CA5254F30AB4F4081480C0 /* Pods-WeePayTests.debug.xcconfig */;
			buildSettings = {
				BUNDLE_LOADER = "$(TEST_HOST)";
				CODE_SIGN_STYLE = Automatic;
				CURRENT_PROJECT_VERSION = 1;
				DEVELOPMENT_TEAM = 873C79DZCG;
				GENERATE_INFOPLIST_FILE = YES;
				IPHONEOS_DEPLOYMENT_TARGET = 18.2;
				MARKETING_VERSION = 1.0;
				PRODUCT_BUNDLE_IDENTIFIER = Anshuman.WeePayTests;
				PRODUCT_NAME = "$(TARGET_NAME)";
				SWIFT_EMIT_LOC_STRINGS = NO;
				SWIFT_VERSION = 5.0;
				TARGETED_DEVICE_FAMILY = "1,2";
				TEST_HOST = "$(BUILT_PRODUCTS_DIR)/WeePay.app/$(BUNDLE_EXECUTABLE_FOLDER_PATH)/WeePay";
			};
			name = Debug;
		};
		0252300E2E266ECF0076AA46 /* Release */ = {
			isa = XCBuildConfiguration;
			baseConfigurationReference = EF91279E456645C860FEF696 /* Pods-WeePayTests.release.xcconfig */;
			buildSettings = {
				BUNDLE_LOADER = "$(TEST_HOST)";
				CODE_SIGN_STYLE = Automatic;
				CURRENT_PROJECT_VERSION = 1;
				DEVELOPMENT_TEAM = 873C79DZCG;
				GENERATE_INFOPLIST_FILE = YES;
				IPHONEOS_DEPLOYMENT_TARGET = 18.2;
				MARKETING_VERSION = 1.0;
				PRODUCT_BUNDLE_IDENTIFIER = Anshuman.WeePayTests;
				PRODUCT_NAME = "$(TARGET_NAME)";
				SWIFT_EMIT_LOC_STRINGS = NO;
				SWIFT_VERSION = 5.0;
				TARGETED_DEVICE_FAMILY = "1,2";
				TEST_HOST = "$(BUILT_PRODUCTS_DIR)/WeePay.app/$(BUNDLE_EXECUTABLE_FOLDER_PATH)/WeePay";
			};
			name = Release;
		};
		025230102E266ECF0076AA46 /* Debug */ = {
			isa = XCBuildConfiguration;
			baseConfigurationReference = 8BC562CDE9BE6F8848F7D608 /* Pods-WeePay-WeePayUITests.debug.xcconfig */;
			buildSettings = {
				CODE_SIGN_STYLE = Automatic;
				CURRENT_PROJECT_VERSION = 1;
				DEVELOPMENT_TEAM = 873C79DZCG;
				GENERATE_INFOPLIST_FILE = YES;
				MARKETING_VERSION = 1.0;
				PRODUCT_BUNDLE_IDENTIFIER = Anshuman.WeePayUITests;
				PRODUCT_NAME = "$(TARGET_NAME)";
				SWIFT_EMIT_LOC_STRINGS = NO;
				SWIFT_VERSION = 5.0;
				TARGETED_DEVICE_FAMILY = "1,2";
				TEST_TARGET_NAME = WeePay;
			};
			name = Debug;
		};
		025230112E266ECF0076AA46 /* Release */ = {
			isa = XCBuildConfiguration;
			baseConfigurationReference = 4AA198C3E7502571887895F9 /* Pods-WeePay-WeePayUITests.release.xcconfig */;
			buildSettings = {
				CODE_SIGN_STYLE = Automatic;
				CURRENT_PROJECT_VERSION = 1;
				DEVELOPMENT_TEAM = 873C79DZCG;
				GENERATE_INFOPLIST_FILE = YES;
				MARKETING_VERSION = 1.0;
				PRODUCT_BUNDLE_IDENTIFIER = Anshuman.WeePayUITests;
				PRODUCT_NAME = "$(TARGET_NAME)";
				SWIFT_EMIT_LOC_STRINGS = NO;
				SWIFT_VERSION = 5.0;
				TARGETED_DEVICE_FAMILY = "1,2";
				TEST_TARGET_NAME = WeePay;
			};
			name = Release;
		};
/* End XCBuildConfiguration section */

/* Begin XCConfigurationList section */
		02522FDB2E266ECC0076AA46 /* Build configuration list for PBXProject "WeePay" */ = {
			isa = XCConfigurationList;
			buildConfigurations = (
				025230072E266ECF0076AA46 /* Debug */,
				025230082E266ECF0076AA46 /* Release */,
			);
			defaultConfigurationIsVisible = 0;
			defaultConfigurationName = Release;
		};
		025230092E266ECF0076AA46 /* Build configuration list for PBXNativeTarget "WeePay" */ = {
			isa = XCConfigurationList;
			buildConfigurations = (
				0252300A2E266ECF0076AA46 /* Debug */,
				0252300B2E266ECF0076AA46 /* Release */,
			);
			defaultConfigurationIsVisible = 0;
			defaultConfigurationName = Release;
		};
		0252300C2E266ECF0076AA46 /* Build configuration list for PBXNativeTarget "WeePayTests" */ = {
			isa = XCConfigurationList;
			buildConfigurations = (
				0252300D2E266ECF0076AA46 /* Debug */,
				0252300E2E266ECF0076AA46 /* Release */,
			);
			defaultConfigurationIsVisible = 0;
			defaultConfigurationName = Release;
		};
		0252300F2E266ECF0076AA46 /* Build configuration list for PBXNativeTarget "WeePayUITests" */ = {
			isa = XCConfigurationList;
			buildConfigurations = (
				025230102E266ECF0076AA46 /* Debug */,
				025230112E266ECF0076AA46 /* Release */,
			);
			defaultConfigurationIsVisible = 0;
			defaultConfigurationName = Release;
		};
/* End XCConfigurationList section */

/* Begin XCRemoteSwiftPackageReference section */
		02DC2C642E431E5900962968 /* XCRemoteSwiftPackageReference "firebase-ios-sdk" */ = {
			isa = XCRemoteSwiftPackageReference;
			repositoryURL = "https://github.com/firebase/firebase-ios-sdk";
			requirement = {
				kind = upToNextMajorVersion;
				minimumVersion = 12.1.0;
			};
		};
/* End XCRemoteSwiftPackageReference section */

/* Begin XCSwiftPackageProductDependency section */
		02DC2C662E431E8B00962968 /* FirebaseAI */ = {
			isa = XCSwiftPackageProductDependency;
			package = 02DC2C642E431E5900962968 /* XCRemoteSwiftPackageReference "firebase-ios-sdk" */;
			productName = FirebaseAI;
		};
		02DC2C682E431E8B00962968 /* FirebaseAnalytics */ = {
			isa = XCSwiftPackageProductDependency;
			package = 02DC2C642E431E5900962968 /* XCRemoteSwiftPackageReference "firebase-ios-sdk" */;
			productName = FirebaseAnalytics;
		};
		02DC2C6A2E431E8B00962968 /* FirebaseAnalyticsCore */ = {
			isa = XCSwiftPackageProductDependency;
			package = 02DC2C642E431E5900962968 /* XCRemoteSwiftPackageReference "firebase-ios-sdk" */;
			productName = FirebaseAnalyticsCore;
		};
		02DC2C6C2E431E8B00962968 /* FirebaseAnalyticsIdentitySupport */ = {
			isa = XCSwiftPackageProductDependency;
			package = 02DC2C642E431E5900962968 /* XCRemoteSwiftPackageReference "firebase-ios-sdk" */;
			productName = FirebaseAnalyticsIdentitySupport;
		};
		02DC2C6E2E431E8B00962968 /* FirebaseAppCheck */ = {
			isa = XCSwiftPackageProductDependency;
			package = 02DC2C642E431E5900962968 /* XCRemoteSwiftPackageReference "firebase-ios-sdk" */;
			productName = FirebaseAppCheck;
		};
		02DC2C702E431E8B00962968 /* FirebaseAppDistribution-Beta */ = {
			isa = XCSwiftPackageProductDependency;
			package = 02DC2C642E431E5900962968 /* XCRemoteSwiftPackageReference "firebase-ios-sdk" */;
			productName = "FirebaseAppDistribution-Beta";
		};
		02DC2C722E431E8B00962968 /* FirebaseAuth */ = {
			isa = XCSwiftPackageProductDependency;
			package = 02DC2C642E431E5900962968 /* XCRemoteSwiftPackageReference "firebase-ios-sdk" */;
			productName = FirebaseAuth;
		};
		02DC2C742E431E8B00962968 /* FirebaseAuthCombine-Community */ = {
			isa = XCSwiftPackageProductDependency;
			package = 02DC2C642E431E5900962968 /* XCRemoteSwiftPackageReference "firebase-ios-sdk" */;
			productName = "FirebaseAuthCombine-Community";
		};
		02DC2C762E431E8B00962968 /* FirebaseCore */ = {
			isa = XCSwiftPackageProductDependency;
			package = 02DC2C642E431E5900962968 /* XCRemoteSwiftPackageReference "firebase-ios-sdk" */;
			productName = FirebaseCore;
		};
		02DC2C782E431E8B00962968 /* FirebaseCrashlytics */ = {
			isa = XCSwiftPackageProductDependency;
			package = 02DC2C642E431E5900962968 /* XCRemoteSwiftPackageReference "firebase-ios-sdk" */;
			productName = FirebaseCrashlytics;
		};
		02DC2C7A2E431E8B00962968 /* FirebaseDatabase */ = {
			isa = XCSwiftPackageProductDependency;
			package = 02DC2C642E431E5900962968 /* XCRemoteSwiftPackageReference "firebase-ios-sdk" */;
			productName = FirebaseDatabase;
		};
		02DC2C7C2E431E8B00962968 /* FirebaseFirestore */ = {
			isa = XCSwiftPackageProductDependency;
			package = 02DC2C642E431E5900962968 /* XCRemoteSwiftPackageReference "firebase-ios-sdk" */;
			productName = FirebaseFirestore;
		};
		02DC2C7E2E431E8B00962968 /* FirebaseFirestoreCombine-Community */ = {
			isa = XCSwiftPackageProductDependency;
			package = 02DC2C642E431E5900962968 /* XCRemoteSwiftPackageReference "firebase-ios-sdk" */;
			productName = "FirebaseFirestoreCombine-Community";
		};
		02DC2C802E431E8B00962968 /* FirebaseFunctions */ = {
			isa = XCSwiftPackageProductDependency;
			package = 02DC2C642E431E5900962968 /* XCRemoteSwiftPackageReference "firebase-ios-sdk" */;
			productName = FirebaseFunctions;
		};
		02DC2C822E431E8B00962968 /* FirebaseFunctionsCombine-Community */ = {
			isa = XCSwiftPackageProductDependency;
			package = 02DC2C642E431E5900962968 /* XCRemoteSwiftPackageReference "firebase-ios-sdk" */;
			productName = "FirebaseFunctionsCombine-Community";
		};
		02DC2C842E431E8B00962968 /* FirebaseInAppMessaging-Beta */ = {
			isa = XCSwiftPackageProductDependency;
			package = 02DC2C642E431E5900962968 /* XCRemoteSwiftPackageReference "firebase-ios-sdk" */;
			productName = "FirebaseInAppMessaging-Beta";
		};
		02DC2C862E431E8B00962968 /* FirebaseInstallations */ = {
			isa = XCSwiftPackageProductDependency;
			package = 02DC2C642E431E5900962968 /* XCRemoteSwiftPackageReference "firebase-ios-sdk" */;
			productName = FirebaseInstallations;
		};
		02DC2C882E431E8B00962968 /* FirebaseMessaging */ = {
			isa = XCSwiftPackageProductDependency;
			package = 02DC2C642E431E5900962968 /* XCRemoteSwiftPackageReference "firebase-ios-sdk" */;
			productName = FirebaseMessaging;
		};
		02DC2C8A2E431E8B00962968 /* FirebaseMLModelDownloader */ = {
			isa = XCSwiftPackageProductDependency;
			package = 02DC2C642E431E5900962968 /* XCRemoteSwiftPackageReference "firebase-ios-sdk" */;
			productName = FirebaseMLModelDownloader;
		};
		02DC2C8C2E431E8B00962968 /* FirebasePerformance */ = {
			isa = XCSwiftPackageProductDependency;
			package = 02DC2C642E431E5900962968 /* XCRemoteSwiftPackageReference "firebase-ios-sdk" */;
			productName = FirebasePerformance;
		};
		02DC2C8E2E431E8B00962968 /* FirebaseRemoteConfig */ = {
			isa = XCSwiftPackageProductDependency;
			package = 02DC2C642E431E5900962968 /* XCRemoteSwiftPackageReference "firebase-ios-sdk" */;
			productName = FirebaseRemoteConfig;
		};
		02DC2C902E431E8B00962968 /* FirebaseStorage */ = {
			isa = XCSwiftPackageProductDependency;
			package = 02DC2C642E431E5900962968 /* XCRemoteSwiftPackageReference "firebase-ios-sdk" */;
			productName = FirebaseStorage;
		};
		02DC2C922E431E8B00962968 /* FirebaseStorageCombine-Community */ = {
			isa = XCSwiftPackageProductDependency;
			package = 02DC2C642E431E5900962968 /* XCRemoteSwiftPackageReference "firebase-ios-sdk" */;
			productName = "FirebaseStorageCombine-Community";
		};
/* End XCSwiftPackageProductDependency section */
	};
	rootObject = 02522FD82E266ECC0076AA46 /* Project object */;
}
